// !$*UTF8*$!
{
	archiveVersion = 1;
	classes = {
	};
	objectVersion = 46;
	objects = {

/* Begin PBXBuildFile section */
		3127363768D6D6CC924CD036 /* libPods.a in Frameworks */ = {isa = PBXBuildFile; fileRef = 20F7C5ED1723ADCF303ACA7F /* libPods.a */; };
		841F88141CA4E06C00642797 /* Customers.m in Sources */ = {isa = PBXBuildFile; fileRef = 841F88131CA4E06C00642797 /* Customers.m */; };
		841F88171CA4E1D500642797 /* BaseDBModel.m in Sources */ = {isa = PBXBuildFile; fileRef = 841F88161CA4E1D500642797 /* BaseDBModel.m */; };
		841F881A1CA4EB0C00642797 /* BaseModel.m in Sources */ = {isa = PBXBuildFile; fileRef = 841F88191CA4EB0C00642797 /* BaseModel.m */; };
		843148EA1CA917C500606FC1 /* GTTableViewController.m in Sources */ = {isa = PBXBuildFile; fileRef = 843148E91CA917C500606FC1 /* GTTableViewController.m */; };
		843148EE1CA919A100606FC1 /* GTTableViewCell.m in Sources */ = {isa = PBXBuildFile; fileRef = 843148EC1CA919A100606FC1 /* GTTableViewCell.m */; };
		843148EF1CA919A100606FC1 /* GTTableViewCell.xib in Resources */ = {isa = PBXBuildFile; fileRef = 843148ED1CA919A100606FC1 /* GTTableViewCell.xib */; };
		845FC0601CACC45000BF9BC5 /* FSBMySecondHouseToolbar.m in Sources */ = {isa = PBXBuildFile; fileRef = 845FC05D1CACC45000BF9BC5 /* FSBMySecondHouseToolbar.m */; };
		845FC0611CACC45000BF9BC5 /* FSBMySecondHouseToolbarContentView.m in Sources */ = {isa = PBXBuildFile; fileRef = 845FC05F1CACC45000BF9BC5 /* FSBMySecondHouseToolbarContentView.m */; };
		845FC06B1CACCD4400BF9BC5 /* checkbox_tick@2x.png in Resources */ = {isa = PBXBuildFile; fileRef = 845FC0631CACCD4400BF9BC5 /* checkbox_tick@2x.png */; };
		845FC06C1CACCD4400BF9BC5 /* checkbox_tick@3x.png in Resources */ = {isa = PBXBuildFile; fileRef = 845FC0641CACCD4400BF9BC5 /* checkbox_tick@3x.png */; };
		845FC06D1CACCD4400BF9BC5 /* head_tabbar_arrow_down@2x.png in Resources */ = {isa = PBXBuildFile; fileRef = 845FC0651CACCD4400BF9BC5 /* head_tabbar_arrow_down@2x.png */; };
		845FC06E1CACCD4400BF9BC5 /* head_tabbar_arrow_down@3x.png in Resources */ = {isa = PBXBuildFile; fileRef = 845FC0661CACCD4400BF9BC5 /* head_tabbar_arrow_down@3x.png */; };
		845FC06F1CACCD4400BF9BC5 /* head_tabbar_arrow_up@2x.png in Resources */ = {isa = PBXBuildFile; fileRef = 845FC0671CACCD4400BF9BC5 /* head_tabbar_arrow_up@2x.png */; };
		845FC0701CACCD4400BF9BC5 /* head_tabbar_arrow_up@3x.png in Resources */ = {isa = PBXBuildFile; fileRef = 845FC0681CACCD4400BF9BC5 /* head_tabbar_arrow_up@3x.png */; };
		845FC0711CACCD4400BF9BC5 /* top_lf_arrow_lf@2x.png in Resources */ = {isa = PBXBuildFile; fileRef = 845FC0691CACCD4400BF9BC5 /* top_lf_arrow_lf@2x.png */; };
		845FC0721CACCD4400BF9BC5 /* top_lf_arrow_lf@3x.png in Resources */ = {isa = PBXBuildFile; fileRef = 845FC06A1CACCD4400BF9BC5 /* top_lf_arrow_lf@3x.png */; };
		8461CC5E1CA2A78000594CC1 /* main.m in Sources */ = {isa = PBXBuildFile; fileRef = 8461CC5D1CA2A78000594CC1 /* main.m */; };
		8461CC671CA2A78000594CC1 /* Main.storyboard in Resources */ = {isa = PBXBuildFile; fileRef = 8461CC651CA2A78000594CC1 /* Main.storyboard */; };
		8461CC691CA2A78100594CC1 /* Assets.xcassets in Resources */ = {isa = PBXBuildFile; fileRef = 8461CC681CA2A78100594CC1 /* Assets.xcassets */; };
		8486162B1CAA22F8003F2C78 /* AppDelegate.m in Sources */ = {isa = PBXBuildFile; fileRef = 848616251CAA22F8003F2C78 /* AppDelegate.m */; };
		8486162C1CAA22F8003F2C78 /* ViewController.m in Sources */ = {isa = PBXBuildFile; fileRef = 848616271CAA22F8003F2C78 /* ViewController.m */; };
		8486162D1CAA22F8003F2C78 /* GTStorageManager.m in Sources */ = {isa = PBXBuildFile; fileRef = 8486162A1CAA22F8003F2C78 /* GTStorageManager.m */; };
		848616391CAA5640003F2C78 /* ImageShowViewController.m in Sources */ = {isa = PBXBuildFile; fileRef = 848616371CAA5640003F2C78 /* ImageShowViewController.m */; };
		848616431CAA587E003F2C78 /* UILabel+Utility.m in Sources */ = {isa = PBXBuildFile; fileRef = 848616421CAA587E003F2C78 /* UILabel+Utility.m */; };
		848616461CAA5C36003F2C78 /* NSString+Utility.m in Sources */ = {isa = PBXBuildFile; fileRef = 848616451CAA5C36003F2C78 /* NSString+Utility.m */; };
		848616491CAA5DB0003F2C78 /* UIColor+Utility.m in Sources */ = {isa = PBXBuildFile; fileRef = 848616481CAA5DB0003F2C78 /* UIColor+Utility.m */; };
		8486164D1CAA854F003F2C78 /* ImageEditorViewController.m in Sources */ = {isa = PBXBuildFile; fileRef = 8486164B1CAA854F003F2C78 /* ImageEditorViewController.m */; };
		8486164E1CAA854F003F2C78 /* ImageEditorViewController.xib in Resources */ = {isa = PBXBuildFile; fileRef = 8486164C1CAA854F003F2C78 /* ImageEditorViewController.xib */; };
		84898BF61CA3B8C8006DCBF0 /* Customer.m in Sources */ = {isa = PBXBuildFile; fileRef = 84898BF51CA3B8C8006DCBF0 /* Customer.m */; };
		84898BF81CA3C3F6006DCBF0 /* testCustomJson.json in Resources */ = {isa = PBXBuildFile; fileRef = 84898BF71CA3C3F6006DCBF0 /* testCustomJson.json */; };
		84B0E3571CA2A9D40033D2A2 /* testCustomDB.db in Resources */ = {isa = PBXBuildFile; fileRef = 84B0E3561CA2A9D40033D2A2 /* testCustomDB.db */; };
		84D4F0F61CA38D71005D5757 /* GTDBManager.m in Sources */ = {isa = PBXBuildFile; fileRef = 84D4F0F51CA38D71005D5757 /* GTDBManager.m */; };
/* End PBXBuildFile section */

/* Begin PBXFileReference section */
		19FFD86A5FBE9F74F87A3D6C /* Pods.release.xcconfig */ = {isa = PBXFileReference; includeInIndex = 1; lastKnownFileType = text.xcconfig; name = Pods.release.xcconfig; path = "Pods/Target Support Files/Pods/Pods.release.xcconfig"; sourceTree = "<group>"; };
		20F7C5ED1723ADCF303ACA7F /* libPods.a */ = {isa = PBXFileReference; explicitFileType = archive.ar; includeInIndex = 0; path = libPods.a; sourceTree = BUILT_PRODUCTS_DIR; };
		841F88121CA4E06C00642797 /* Customers.h */ = {isa = PBXFileReference; fileEncoding = 4; lastKnownFileType = sourcecode.c.h; path = Customers.h; sourceTree = "<group>"; };
		841F88131CA4E06C00642797 /* Customers.m */ = {isa = PBXFileReference; fileEncoding = 4; lastKnownFileType = sourcecode.c.objc; path = Customers.m; sourceTree = "<group>"; };
		841F88151CA4E1D500642797 /* BaseDBModel.h */ = {isa = PBXFileReference; fileEncoding = 4; lastKnownFileType = sourcecode.c.h; path = BaseDBModel.h; sourceTree = "<group>"; };
		841F88161CA4E1D500642797 /* BaseDBModel.m */ = {isa = PBXFileReference; fileEncoding = 4; lastKnownFileType = sourcecode.c.objc; path = BaseDBModel.m; sourceTree = "<group>"; };
		841F88181CA4EB0C00642797 /* BaseModel.h */ = {isa = PBXFileReference; fileEncoding = 4; lastKnownFileType = sourcecode.c.h; path = BaseModel.h; sourceTree = "<group>"; };
		841F88191CA4EB0C00642797 /* BaseModel.m */ = {isa = PBXFileReference; fileEncoding = 4; lastKnownFileType = sourcecode.c.objc; path = BaseModel.m; sourceTree = "<group>"; };
		843148E81CA917C500606FC1 /* GTTableViewController.h */ = {isa = PBXFileReference; fileEncoding = 4; lastKnownFileType = sourcecode.c.h; path = GTTableViewController.h; sourceTree = "<group>"; };
		843148E91CA917C500606FC1 /* GTTableViewController.m */ = {isa = PBXFileReference; fileEncoding = 4; lastKnownFileType = sourcecode.c.objc; path = GTTableViewController.m; sourceTree = "<group>"; };
		843148EB1CA919A100606FC1 /* GTTableViewCell.h */ = {isa = PBXFileReference; fileEncoding = 4; lastKnownFileType = sourcecode.c.h; path = GTTableViewCell.h; sourceTree = "<group>"; };
		843148EC1CA919A100606FC1 /* GTTableViewCell.m */ = {isa = PBXFileReference; fileEncoding = 4; lastKnownFileType = sourcecode.c.objc; path = GTTableViewCell.m; sourceTree = "<group>"; };
		843148ED1CA919A100606FC1 /* GTTableViewCell.xib */ = {isa = PBXFileReference; fileEncoding = 4; lastKnownFileType = file.xib; path = GTTableViewCell.xib; sourceTree = "<group>"; };
		845FC05C1CACC45000BF9BC5 /* FSBMySecondHouseToolbar.h */ = {isa = PBXFileReference; fileEncoding = 4; lastKnownFileType = sourcecode.c.h; path = FSBMySecondHouseToolbar.h; sourceTree = "<group>"; };
		845FC05D1CACC45000BF9BC5 /* FSBMySecondHouseToolbar.m */ = {isa = PBXFileReference; fileEncoding = 4; lastKnownFileType = sourcecode.c.objc; path = FSBMySecondHouseToolbar.m; sourceTree = "<group>"; };
		845FC05E1CACC45000BF9BC5 /* FSBMySecondHouseToolbarContentView.h */ = {isa = PBXFileReference; fileEncoding = 4; lastKnownFileType = sourcecode.c.h; path = FSBMySecondHouseToolbarContentView.h; sourceTree = "<group>"; };
		845FC05F1CACC45000BF9BC5 /* FSBMySecondHouseToolbarContentView.m */ = {isa = PBXFileReference; fileEncoding = 4; lastKnownFileType = sourcecode.c.objc; path = FSBMySecondHouseToolbarContentView.m; sourceTree = "<group>"; };
		845FC0621CACC4A000BF9BC5 /* GTPublicDefine.h */ = {isa = PBXFileReference; fileEncoding = 4; lastKnownFileType = sourcecode.c.h; path = GTPublicDefine.h; sourceTree = "<group>"; };
		845FC0631CACCD4400BF9BC5 /* checkbox_tick@2x.png */ = {isa = PBXFileReference; lastKnownFileType = image.png; path = "checkbox_tick@2x.png"; sourceTree = "<group>"; };
		845FC0641CACCD4400BF9BC5 /* checkbox_tick@3x.png */ = {isa = PBXFileReference; lastKnownFileType = image.png; path = "checkbox_tick@3x.png"; sourceTree = "<group>"; };
		845FC0651CACCD4400BF9BC5 /* head_tabbar_arrow_down@2x.png */ = {isa = PBXFileReference; lastKnownFileType = image.png; path = "head_tabbar_arrow_down@2x.png"; sourceTree = "<group>"; };
		845FC0661CACCD4400BF9BC5 /* head_tabbar_arrow_down@3x.png */ = {isa = PBXFileReference; lastKnownFileType = image.png; path = "head_tabbar_arrow_down@3x.png"; sourceTree = "<group>"; };
		845FC0671CACCD4400BF9BC5 /* head_tabbar_arrow_up@2x.png */ = {isa = PBXFileReference; lastKnownFileType = image.png; path = "head_tabbar_arrow_up@2x.png"; sourceTree = "<group>"; };
		845FC0681CACCD4400BF9BC5 /* head_tabbar_arrow_up@3x.png */ = {isa = PBXFileReference; lastKnownFileType = image.png; path = "head_tabbar_arrow_up@3x.png"; sourceTree = "<group>"; };
		845FC0691CACCD4400BF9BC5 /* top_lf_arrow_lf@2x.png */ = {isa = PBXFileReference; lastKnownFileType = image.png; path = "top_lf_arrow_lf@2x.png"; sourceTree = "<group>"; };
		845FC06A1CACCD4400BF9BC5 /* top_lf_arrow_lf@3x.png */ = {isa = PBXFileReference; lastKnownFileType = image.png; path = "top_lf_arrow_lf@3x.png"; sourceTree = "<group>"; };
		8461CC591CA2A78000594CC1 /* testIOSLib.app */ = {isa = PBXFileReference; explicitFileType = wrapper.application; includeInIndex = 0; path = testIOSLib.app; sourceTree = BUILT_PRODUCTS_DIR; };
		8461CC5D1CA2A78000594CC1 /* main.m */ = {isa = PBXFileReference; lastKnownFileType = sourcecode.c.objc; path = main.m; sourceTree = "<group>"; };
		8461CC661CA2A78000594CC1 /* Base */ = {isa = PBXFileReference; lastKnownFileType = file.storyboard; name = Base; path = Base.lproj/Main.storyboard; sourceTree = "<group>"; };
		8461CC681CA2A78100594CC1 /* Assets.xcassets */ = {isa = PBXFileReference; lastKnownFileType = folder.assetcatalog; path = Assets.xcassets; sourceTree = "<group>"; };
		8461CC6D1CA2A78100594CC1 /* Info.plist */ = {isa = PBXFileReference; lastKnownFileType = text.plist.xml; path = Info.plist; sourceTree = "<group>"; };
		848616241CAA22F8003F2C78 /* AppDelegate.h */ = {isa = PBXFileReference; fileEncoding = 4; lastKnownFileType = sourcecode.c.h; path = AppDelegate.h; sourceTree = "<group>"; };
		848616251CAA22F8003F2C78 /* AppDelegate.m */ = {isa = PBXFileReference; fileEncoding = 4; lastKnownFileType = sourcecode.c.objc; path = AppDelegate.m; sourceTree = "<group>"; };
		848616261CAA22F8003F2C78 /* ViewController.h */ = {isa = PBXFileReference; fileEncoding = 4; lastKnownFileType = sourcecode.c.h; path = ViewController.h; sourceTree = "<group>"; };
		848616271CAA22F8003F2C78 /* ViewController.m */ = {isa = PBXFileReference; fileEncoding = 4; lastKnownFileType = sourcecode.c.objc; path = ViewController.m; sourceTree = "<group>"; };
		848616291CAA22F8003F2C78 /* GTStorageManager.h */ = {isa = PBXFileReference; fileEncoding = 4; lastKnownFileType = sourcecode.c.h; path = GTStorageManager.h; sourceTree = "<group>"; };
		8486162A1CAA22F8003F2C78 /* GTStorageManager.m */ = {isa = PBXFileReference; fileEncoding = 4; lastKnownFileType = sourcecode.c.objc; path = GTStorageManager.m; sourceTree = "<group>"; };
		8486162E1CAA2301003F2C78 /* PrefixHeader.pch */ = {isa = PBXFileReference; fileEncoding = 4; lastKnownFileType = sourcecode.c.h; name = PrefixHeader.pch; path = testIOSLib/PrefixHeader.pch; sourceTree = SOURCE_ROOT; };
		848616361CAA5640003F2C78 /* ImageShowViewController.h */ = {isa = PBXFileReference; fileEncoding = 4; lastKnownFileType = sourcecode.c.h; path = ImageShowViewController.h; sourceTree = "<group>"; };
		848616371CAA5640003F2C78 /* ImageShowViewController.m */ = {isa = PBXFileReference; fileEncoding = 4; lastKnownFileType = sourcecode.c.objc; path = ImageShowViewController.m; sourceTree = "<group>"; };
		848616411CAA587E003F2C78 /* UILabel+Utility.h */ = {isa = PBXFileReference; fileEncoding = 4; lastKnownFileType = sourcecode.c.h; path = "UILabel+Utility.h"; sourceTree = "<group>"; };
		848616421CAA587E003F2C78 /* UILabel+Utility.m */ = {isa = PBXFileReference; fileEncoding = 4; lastKnownFileType = sourcecode.c.objc; path = "UILabel+Utility.m"; sourceTree = "<group>"; };
		848616441CAA5C36003F2C78 /* NSString+Utility.h */ = {isa = PBXFileReference; fileEncoding = 4; lastKnownFileType = sourcecode.c.h; path = "NSString+Utility.h"; sourceTree = "<group>"; };
		848616451CAA5C36003F2C78 /* NSString+Utility.m */ = {isa = PBXFileReference; fileEncoding = 4; lastKnownFileType = sourcecode.c.objc; path = "NSString+Utility.m"; sourceTree = "<group>"; };
		848616471CAA5DB0003F2C78 /* UIColor+Utility.h */ = {isa = PBXFileReference; fileEncoding = 4; lastKnownFileType = sourcecode.c.h; path = "UIColor+Utility.h"; sourceTree = "<group>"; };
		848616481CAA5DB0003F2C78 /* UIColor+Utility.m */ = {isa = PBXFileReference; fileEncoding = 4; lastKnownFileType = sourcecode.c.objc; path = "UIColor+Utility.m"; sourceTree = "<group>"; };
		8486164A1CAA854F003F2C78 /* ImageEditorViewController.h */ = {isa = PBXFileReference; fileEncoding = 4; lastKnownFileType = sourcecode.c.h; path = ImageEditorViewController.h; sourceTree = "<group>"; };
		8486164B1CAA854F003F2C78 /* ImageEditorViewController.m */ = {isa = PBXFileReference; fileEncoding = 4; lastKnownFileType = sourcecode.c.objc; path = ImageEditorViewController.m; sourceTree = "<group>"; };
		8486164C1CAA854F003F2C78 /* ImageEditorViewController.xib */ = {isa = PBXFileReference; fileEncoding = 4; lastKnownFileType = file.xib; path = ImageEditorViewController.xib; sourceTree = "<group>"; };
		84898BF31CA3B8C8006DCBF0 /* AllBeans.h */ = {isa = PBXFileReference; fileEncoding = 4; lastKnownFileType = sourcecode.c.h; path = AllBeans.h; sourceTree = "<group>"; };
		84898BF41CA3B8C8006DCBF0 /* Customer.h */ = {isa = PBXFileReference; fileEncoding = 4; lastKnownFileType = sourcecode.c.h; path = Customer.h; sourceTree = "<group>"; };
		84898BF51CA3B8C8006DCBF0 /* Customer.m */ = {isa = PBXFileReference; fileEncoding = 4; lastKnownFileType = sourcecode.c.objc; path = Customer.m; sourceTree = "<group>"; };
		84898BF71CA3C3F6006DCBF0 /* testCustomJson.json */ = {isa = PBXFileReference; fileEncoding = 4; lastKnownFileType = text.json; path = testCustomJson.json; sourceTree = "<group>"; };
		84B0E3561CA2A9D40033D2A2 /* testCustomDB.db */ = {isa = PBXFileReference; lastKnownFileType = file; path = testCustomDB.db; sourceTree = "<group>"; };
		84D4F0F41CA38D71005D5757 /* GTDBManager.h */ = {isa = PBXFileReference; fileEncoding = 4; lastKnownFileType = sourcecode.c.h; path = GTDBManager.h; sourceTree = "<group>"; };
		84D4F0F51CA38D71005D5757 /* GTDBManager.m */ = {isa = PBXFileReference; fileEncoding = 4; lastKnownFileType = sourcecode.c.objc; path = GTDBManager.m; sourceTree = "<group>"; };
		84D4F0FF1CA39AAB005D5757 /* libsqlite3.tbd */ = {isa = PBXFileReference; lastKnownFileType = "sourcecode.text-based-dylib-definition"; name = libsqlite3.tbd; path = usr/lib/libsqlite3.tbd; sourceTree = SDKROOT; };
		C916FA054FB787C8763E2B23 /* Pods.debug.xcconfig */ = {isa = PBXFileReference; includeInIndex = 1; lastKnownFileType = text.xcconfig; name = Pods.debug.xcconfig; path = "Pods/Target Support Files/Pods/Pods.debug.xcconfig"; sourceTree = "<group>"; };
/* End PBXFileReference section */

/* Begin PBXFrameworksBuildPhase section */
		8461CC561CA2A78000594CC1 /* Frameworks */ = {
			isa = PBXFrameworksBuildPhase;
			buildActionMask = 2147483647;
			files = (
				3127363768D6D6CC924CD036 /* libPods.a in Frameworks */,
			);
			runOnlyForDeploymentPostprocessing = 0;
		};
/* End PBXFrameworksBuildPhase section */

/* Begin PBXGroup section */
		82BFED0924673EE34A02A612 /* Frameworks */ = {
			isa = PBXGroup;
			children = (
				84D4F0FF1CA39AAB005D5757 /* libsqlite3.tbd */,
				20F7C5ED1723ADCF303ACA7F /* libPods.a */,
			);
			name = Frameworks;
			sourceTree = "<group>";
		};
		843148E51CA917C500606FC1 /* ViewController */ = {
			isa = PBXGroup;
			children = (
				848616351CAA55EA003F2C78 /* ImageEditor */,
				843148E61CA917C500606FC1 /* TableView */,
			);
			path = ViewController;
			sourceTree = "<group>";
		};
		843148E61CA917C500606FC1 /* TableView */ = {
			isa = PBXGroup;
			children = (
				845FC05B1CACC45000BF9BC5 /* TestView */,
				843148E71CA917C500606FC1 /* cell */,
				843148E81CA917C500606FC1 /* GTTableViewController.h */,
				843148E91CA917C500606FC1 /* GTTableViewController.m */,
			);
			path = TableView;
			sourceTree = "<group>";
		};
		843148E71CA917C500606FC1 /* cell */ = {
			isa = PBXGroup;
			children = (
				843148EB1CA919A100606FC1 /* GTTableViewCell.h */,
				843148EC1CA919A100606FC1 /* GTTableViewCell.m */,
				843148ED1CA919A100606FC1 /* GTTableViewCell.xib */,
			);
			path = cell;
			sourceTree = "<group>";
		};
		845FC05B1CACC45000BF9BC5 /* TestView */ = {
			isa = PBXGroup;
			children = (
				845FC05C1CACC45000BF9BC5 /* FSBMySecondHouseToolbar.h */,
				845FC05D1CACC45000BF9BC5 /* FSBMySecondHouseToolbar.m */,
				845FC05E1CACC45000BF9BC5 /* FSBMySecondHouseToolbarContentView.h */,
				845FC05F1CACC45000BF9BC5 /* FSBMySecondHouseToolbarContentView.m */,
			);
			path = TestView;
			sourceTree = "<group>";
		};
		8461CC501CA2A78000594CC1 = {
			isa = PBXGroup;
			children = (
				8461CC5B1CA2A78000594CC1 /* testIOSLib */,
				8461CC5A1CA2A78000594CC1 /* Products */,
				96381C2399122088AD15B0BF /* Pods */,
				82BFED0924673EE34A02A612 /* Frameworks */,
			);
			sourceTree = "<group>";
		};
		8461CC5A1CA2A78000594CC1 /* Products */ = {
			isa = PBXGroup;
			children = (
				8461CC591CA2A78000594CC1 /* testIOSLib.app */,
			);
			name = Products;
			sourceTree = "<group>";
		};
		8461CC5B1CA2A78000594CC1 /* testIOSLib */ = {
			isa = PBXGroup;
			children = (
				8461CC681CA2A78100594CC1 /* Assets.xcassets */,
				848616231CAA22F8003F2C78 /* main */,
				848616281CAA22F8003F2C78 /* System */,
				843148E51CA917C500606FC1 /* ViewController */,
				84898BF21CA3B8C8006DCBF0 /* Models */,
				84B0E3551CA2A9D40033D2A2 /* DB */,
				8486163F1CAA587E003F2C78 /* Utils */,
				8461CC651CA2A78000594CC1 /* Main.storyboard */,
				8486162F1CAA52EC003F2C78 /* Res */,
				8461CC5C1CA2A78000594CC1 /* Supporting Files */,
			);
			path = testIOSLib;
			sourceTree = "<group>";
		};
		8461CC5C1CA2A78000594CC1 /* Supporting Files */ = {
			isa = PBXGroup;
			children = (
				8461CC6D1CA2A78100594CC1 /* Info.plist */,
				8461CC5D1CA2A78000594CC1 /* main.m */,
			);
			name = "Supporting Files";
			sourceTree = "<group>";
		};
		848616231CAA22F8003F2C78 /* main */ = {
			isa = PBXGroup;
			children = (
				848616241CAA22F8003F2C78 /* AppDelegate.h */,
				848616251CAA22F8003F2C78 /* AppDelegate.m */,
				848616261CAA22F8003F2C78 /* ViewController.h */,
				848616271CAA22F8003F2C78 /* ViewController.m */,
				8486162E1CAA2301003F2C78 /* PrefixHeader.pch */,
			);
			path = main;
			sourceTree = "<group>";
		};
		848616281CAA22F8003F2C78 /* System */ = {
			isa = PBXGroup;
			children = (
				845FC0621CACC4A000BF9BC5 /* GTPublicDefine.h */,
				848616291CAA22F8003F2C78 /* GTStorageManager.h */,
				8486162A1CAA22F8003F2C78 /* GTStorageManager.m */,
			);
			path = System;
			sourceTree = "<group>";
		};
		8486162F1CAA52EC003F2C78 /* Res */ = {
			isa = PBXGroup;
			children = (
				848616301CAA52EC003F2C78 /* navigationBar */,
			);
			path = Res;
			sourceTree = "<group>";
		};
		848616301CAA52EC003F2C78 /* navigationBar */ = {
			isa = PBXGroup;
			children = (
				845FC0631CACCD4400BF9BC5 /* checkbox_tick@2x.png */,
				845FC0641CACCD4400BF9BC5 /* checkbox_tick@3x.png */,
				845FC0651CACCD4400BF9BC5 /* head_tabbar_arrow_down@2x.png */,
				845FC0661CACCD4400BF9BC5 /* head_tabbar_arrow_down@3x.png */,
				845FC0671CACCD4400BF9BC5 /* head_tabbar_arrow_up@2x.png */,
				845FC0681CACCD4400BF9BC5 /* head_tabbar_arrow_up@3x.png */,
				845FC0691CACCD4400BF9BC5 /* top_lf_arrow_lf@2x.png */,
				845FC06A1CACCD4400BF9BC5 /* top_lf_arrow_lf@3x.png */,
			);
			path = navigationBar;
			sourceTree = "<group>";
		};
		848616351CAA55EA003F2C78 /* ImageEditor */ = {
			isa = PBXGroup;
			children = (
				848616361CAA5640003F2C78 /* ImageShowViewController.h */,
				848616371CAA5640003F2C78 /* ImageShowViewController.m */,
				8486164A1CAA854F003F2C78 /* ImageEditorViewController.h */,
				8486164B1CAA854F003F2C78 /* ImageEditorViewController.m */,
				8486164C1CAA854F003F2C78 /* ImageEditorViewController.xib */,
			);
			path = ImageEditor;
			sourceTree = "<group>";
		};
		8486163F1CAA587E003F2C78 /* Utils */ = {
			isa = PBXGroup;
			children = (
				848616401CAA587E003F2C78 /* Category */,
			);
			path = Utils;
			sourceTree = "<group>";
		};
		848616401CAA587E003F2C78 /* Category */ = {
			isa = PBXGroup;
			children = (
				848616411CAA587E003F2C78 /* UILabel+Utility.h */,
				848616421CAA587E003F2C78 /* UILabel+Utility.m */,
				848616471CAA5DB0003F2C78 /* UIColor+Utility.h */,
				848616481CAA5DB0003F2C78 /* UIColor+Utility.m */,
				848616441CAA5C36003F2C78 /* NSString+Utility.h */,
				848616451CAA5C36003F2C78 /* NSString+Utility.m */,
			);
			path = Category;
			sourceTree = "<group>";
		};
		84898BF21CA3B8C8006DCBF0 /* Models */ = {
			isa = PBXGroup;
			children = (
				84898BF31CA3B8C8006DCBF0 /* AllBeans.h */,
				841F88181CA4EB0C00642797 /* BaseModel.h */,
				841F88191CA4EB0C00642797 /* BaseModel.m */,
				84898BF41CA3B8C8006DCBF0 /* Customer.h */,
				84898BF51CA3B8C8006DCBF0 /* Customer.m */,
			);
			path = Models;
			sourceTree = "<group>";
		};
		84B0E3551CA2A9D40033D2A2 /* DB */ = {
			isa = PBXGroup;
			children = (
				84D4F0F41CA38D71005D5757 /* GTDBManager.h */,
				84D4F0F51CA38D71005D5757 /* GTDBManager.m */,
				841F88151CA4E1D500642797 /* BaseDBModel.h */,
				841F88161CA4E1D500642797 /* BaseDBModel.m */,
				841F88121CA4E06C00642797 /* Customers.h */,
				841F88131CA4E06C00642797 /* Customers.m */,
				84898BF71CA3C3F6006DCBF0 /* testCustomJson.json */,
				84B0E3561CA2A9D40033D2A2 /* testCustomDB.db */,
			);
			path = DB;
			sourceTree = "<group>";
		};
		96381C2399122088AD15B0BF /* Pods */ = {
			isa = PBXGroup;
			children = (
				C916FA054FB787C8763E2B23 /* Pods.debug.xcconfig */,
				19FFD86A5FBE9F74F87A3D6C /* Pods.release.xcconfig */,
			);
			name = Pods;
			sourceTree = "<group>";
		};
/* End PBXGroup section */

/* Begin PBXNativeTarget section */
		8461CC581CA2A78000594CC1 /* testIOSLib */ = {
			isa = PBXNativeTarget;
			buildConfigurationList = 8461CC701CA2A78100594CC1 /* Build configuration list for PBXNativeTarget "testIOSLib" */;
			buildPhases = (
				9FDC6F9646DA7CF9A0000FC7 /* Check Pods Manifest.lock */,
				8461CC551CA2A78000594CC1 /* Sources */,
				8461CC561CA2A78000594CC1 /* Frameworks */,
				8461CC571CA2A78000594CC1 /* Resources */,
				344BD89A8BAE0339A138FF45 /* Embed Pods Frameworks */,
				8BAB8C49DABC47B4B52ECD90 /* Copy Pods Resources */,
			);
			buildRules = (
			);
			dependencies = (
			);
			name = testIOSLib;
			productName = testIOSLib;
			productReference = 8461CC591CA2A78000594CC1 /* testIOSLib.app */;
			productType = "com.apple.product-type.application";
		};
/* End PBXNativeTarget section */

/* Begin PBXProject section */
		8461CC511CA2A78000594CC1 /* Project object */ = {
			isa = PBXProject;
			attributes = {
				LastUpgradeCheck = 0730;
				ORGANIZATIONNAME = admin;
				TargetAttributes = {
					8461CC581CA2A78000594CC1 = {
						CreatedOnToolsVersion = 7.3;
					};
				};
			};
			buildConfigurationList = 8461CC541CA2A78000594CC1 /* Build configuration list for PBXProject "testIOSLib" */;
			compatibilityVersion = "Xcode 3.2";
			developmentRegion = English;
			hasScannedForEncodings = 0;
			knownRegions = (
				en,
				Base,
			);
			mainGroup = 8461CC501CA2A78000594CC1;
			productRefGroup = 8461CC5A1CA2A78000594CC1 /* Products */;
			projectDirPath = "";
			projectRoot = "";
			targets = (
				8461CC581CA2A78000594CC1 /* testIOSLib */,
			);
		};
/* End PBXProject section */

/* Begin PBXResourcesBuildPhase section */
		8461CC571CA2A78000594CC1 /* Resources */ = {
			isa = PBXResourcesBuildPhase;
			buildActionMask = 2147483647;
			files = (
				845FC0711CACCD4400BF9BC5 /* top_lf_arrow_lf@2x.png in Resources */,
				845FC06E1CACCD4400BF9BC5 /* head_tabbar_arrow_down@3x.png in Resources */,
				845FC0721CACCD4400BF9BC5 /* top_lf_arrow_lf@3x.png in Resources */,
				8461CC691CA2A78100594CC1 /* Assets.xcassets in Resources */,
				843148EF1CA919A100606FC1 /* GTTableViewCell.xib in Resources */,
				84898BF81CA3C3F6006DCBF0 /* testCustomJson.json in Resources */,
				8461CC671CA2A78000594CC1 /* Main.storyboard in Resources */,
				845FC06F1CACCD4400BF9BC5 /* head_tabbar_arrow_up@2x.png in Resources */,
				845FC06B1CACCD4400BF9BC5 /* checkbox_tick@2x.png in Resources */,
				845FC06D1CACCD4400BF9BC5 /* head_tabbar_arrow_down@2x.png in Resources */,
				84B0E3571CA2A9D40033D2A2 /* testCustomDB.db in Resources */,
				845FC06C1CACCD4400BF9BC5 /* checkbox_tick@3x.png in Resources */,
				845FC0701CACCD4400BF9BC5 /* head_tabbar_arrow_up@3x.png in Resources */,
				8486164E1CAA854F003F2C78 /* ImageEditorViewController.xib in Resources */,
			);
			runOnlyForDeploymentPostprocessing = 0;
		};
/* End PBXResourcesBuildPhase section */

/* Begin PBXShellScriptBuildPhase section */
		344BD89A8BAE0339A138FF45 /* Embed Pods Frameworks */ = {
			isa = PBXShellScriptBuildPhase;
			buildActionMask = 2147483647;
			files = (
			);
			inputPaths = (
			);
			name = "Embed Pods Frameworks";
			outputPaths = (
			);
			runOnlyForDeploymentPostprocessing = 0;
			shellPath = /bin/sh;
			shellScript = "\"${SRCROOT}/Pods/Target Support Files/Pods/Pods-frameworks.sh\"\n";
			showEnvVarsInLog = 0;
		};
		8BAB8C49DABC47B4B52ECD90 /* Copy Pods Resources */ = {
			isa = PBXShellScriptBuildPhase;
			buildActionMask = 2147483647;
			files = (
			);
			inputPaths = (
			);
			name = "Copy Pods Resources";
			outputPaths = (
			);
			runOnlyForDeploymentPostprocessing = 0;
			shellPath = /bin/sh;
			shellScript = "\"${SRCROOT}/Pods/Target Support Files/Pods/Pods-resources.sh\"\n";
			showEnvVarsInLog = 0;
		};
		9FDC6F9646DA7CF9A0000FC7 /* Check Pods Manifest.lock */ = {
			isa = PBXShellScriptBuildPhase;
			buildActionMask = 2147483647;
			files = (
			);
			inputPaths = (
			);
			name = "Check Pods Manifest.lock";
			outputPaths = (
			);
			runOnlyForDeploymentPostprocessing = 0;
			shellPath = /bin/sh;
			shellScript = "diff \"${PODS_ROOT}/../Podfile.lock\" \"${PODS_ROOT}/Manifest.lock\" > /dev/null\nif [[ $? != 0 ]] ; then\n    cat << EOM\nerror: The sandbox is not in sync with the Podfile.lock. Run 'pod install' or update your CocoaPods installation.\nEOM\n    exit 1\nfi\n";
			showEnvVarsInLog = 0;
		};
/* End PBXShellScriptBuildPhase section */

/* Begin PBXSourcesBuildPhase section */
		8461CC551CA2A78000594CC1 /* Sources */ = {
			isa = PBXSourcesBuildPhase;
			buildActionMask = 2147483647;
			files = (
				848616461CAA5C36003F2C78 /* NSString+Utility.m in Sources */,
				84D4F0F61CA38D71005D5757 /* GTDBManager.m in Sources */,
				841F88141CA4E06C00642797 /* Customers.m in Sources */,
				8486162B1CAA22F8003F2C78 /* AppDelegate.m in Sources */,
				848616491CAA5DB0003F2C78 /* UIColor+Utility.m in Sources */,
				848616391CAA5640003F2C78 /* ImageShowViewController.m in Sources */,
				841F881A1CA4EB0C00642797 /* BaseModel.m in Sources */,
				8486162C1CAA22F8003F2C78 /* ViewController.m in Sources */,
				843148EA1CA917C500606FC1 /* GTTableViewController.m in Sources */,
				8461CC5E1CA2A78000594CC1 /* main.m in Sources */,
				843148EE1CA919A100606FC1 /* GTTableViewCell.m in Sources */,
				84898BF61CA3B8C8006DCBF0 /* Customer.m in Sources */,
				848616431CAA587E003F2C78 /* UILabel+Utility.m in Sources */,
				845FC0611CACC45000BF9BC5 /* FSBMySecondHouseToolbarContentView.m in Sources */,
				8486162D1CAA22F8003F2C78 /* GTStorageManager.m in Sources */,
				845FC0601CACC45000BF9BC5 /* FSBMySecondHouseToolbar.m in Sources */,
				841F88171CA4E1D500642797 /* BaseDBModel.m in Sources */,
				8486164D1CAA854F003F2C78 /* ImageEditorViewController.m in Sources */,
			);
			runOnlyForDeploymentPostprocessing = 0;
		};
/* End PBXSourcesBuildPhase section */

/* Begin PBXVariantGroup section */
		8461CC651CA2A78000594CC1 /* Main.storyboard */ = {
			isa = PBXVariantGroup;
			children = (
				8461CC661CA2A78000594CC1 /* Base */,
			);
			name = Main.storyboard;
			sourceTree = "<group>";
		};
/* End PBXVariantGroup section */

/* Begin XCBuildConfiguration section */
		8461CC6E1CA2A78100594CC1 /* Debug */ = {
			isa = XCBuildConfiguration;
			buildSettings = {
				ALWAYS_SEARCH_USER_PATHS = NO;
				CLANG_ANALYZER_NONNULL = YES;
				CLANG_CXX_LANGUAGE_STANDARD = "gnu++0x";
				CLANG_CXX_LIBRARY = "libc++";
				CLANG_ENABLE_MODULES = YES;
				CLANG_ENABLE_OBJC_ARC = YES;
				CLANG_WARN_BOOL_CONVERSION = YES;
				CLANG_WARN_CONSTANT_CONVERSION = YES;
				CLANG_WARN_DIRECT_OBJC_ISA_USAGE = YES_ERROR;
				CLANG_WARN_EMPTY_BODY = YES;
				CLANG_WARN_ENUM_CONVERSION = YES;
				CLANG_WARN_INT_CONVERSION = YES;
				CLANG_WARN_OBJC_ROOT_CLASS = YES_ERROR;
				CLANG_WARN_UNREACHABLE_CODE = YES;
				CLANG_WARN__DUPLICATE_METHOD_MATCH = YES;
				"CODE_SIGN_IDENTITY[sdk=iphoneos*]" = "iPhone Developer";
				COPY_PHASE_STRIP = NO;
				DEBUG_INFORMATION_FORMAT = dwarf;
				ENABLE_STRICT_OBJC_MSGSEND = YES;
				ENABLE_TESTABILITY = YES;
				GCC_C_LANGUAGE_STANDARD = gnu99;
				GCC_DYNAMIC_NO_PIC = NO;
				GCC_NO_COMMON_BLOCKS = YES;
				GCC_OPTIMIZATION_LEVEL = 0;
				GCC_PREPROCESSOR_DEFINITIONS = (
					"DEBUG=1",
					"$(inherited)",
				);
				GCC_WARN_64_TO_32_BIT_CONVERSION = YES;
				GCC_WARN_ABOUT_RETURN_TYPE = YES_ERROR;
				GCC_WARN_UNDECLARED_SELECTOR = YES;
				GCC_WARN_UNINITIALIZED_AUTOS = YES_AGGRESSIVE;
				GCC_WARN_UNUSED_FUNCTION = YES;
				GCC_WARN_UNUSED_VARIABLE = YES;
				IPHONEOS_DEPLOYMENT_TARGET = 9.3;
				MTL_ENABLE_DEBUG_INFO = YES;
				ONLY_ACTIVE_ARCH = YES;
				SDKROOT = iphoneos;
				TARGETED_DEVICE_FAMILY = "1,2";
			};
			name = Debug;
		};
		8461CC6F1CA2A78100594CC1 /* Release */ = {
			isa = XCBuildConfiguration;
			buildSettings = {
				ALWAYS_SEARCH_USER_PATHS = NO;
				CLANG_ANALYZER_NONNULL = YES;
				CLANG_CXX_LANGUAGE_STANDARD = "gnu++0x";
				CLANG_CXX_LIBRARY = "libc++";
				CLANG_ENABLE_MODULES = YES;
				CLANG_ENABLE_OBJC_ARC = YES;
				CLANG_WARN_BOOL_CONVERSION = YES;
				CLANG_WARN_CONSTANT_CONVERSION = YES;
				CLANG_WARN_DIRECT_OBJC_ISA_USAGE = YES_ERROR;
				CLANG_WARN_EMPTY_BODY = YES;
				CLANG_WARN_ENUM_CONVERSION = YES;
				CLANG_WARN_INT_CONVERSION = YES;
				CLANG_WARN_OBJC_ROOT_CLASS = YES_ERROR;
				CLANG_WARN_UNREACHABLE_CODE = YES;
				CLANG_WARN__DUPLICATE_METHOD_MATCH = YES;
				"CODE_SIGN_IDENTITY[sdk=iphoneos*]" = "iPhone Developer";
				COPY_PHASE_STRIP = NO;
				DEBUG_INFORMATION_FORMAT = "dwarf-with-dsym";
				ENABLE_NS_ASSERTIONS = NO;
				ENABLE_STRICT_OBJC_MSGSEND = YES;
				GCC_C_LANGUAGE_STANDARD = gnu99;
				GCC_NO_COMMON_BLOCKS = YES;
				GCC_WARN_64_TO_32_BIT_CONVERSION = YES;
				GCC_WARN_ABOUT_RETURN_TYPE = YES_ERROR;
				GCC_WARN_UNDECLARED_SELECTOR = YES;
				GCC_WARN_UNINITIALIZED_AUTOS = YES_AGGRESSIVE;
				GCC_WARN_UNUSED_FUNCTION = YES;
				GCC_WARN_UNUSED_VARIABLE = YES;
				IPHONEOS_DEPLOYMENT_TARGET = 9.3;
				MTL_ENABLE_DEBUG_INFO = NO;
				SDKROOT = iphoneos;
				TARGETED_DEVICE_FAMILY = "1,2";
				VALIDATE_PRODUCT = YES;
			};
			name = Release;
		};
		8461CC711CA2A78100594CC1 /* Debug */ = {
			isa = XCBuildConfiguration;
			baseConfigurationReference = C916FA054FB787C8763E2B23 /* Pods.debug.xcconfig */;
			buildSettings = {
				ASSETCATALOG_COMPILER_APPICON_NAME = AppIcon;
				CODE_SIGN_IDENTITY = "iPhone Developer";
				GCC_PREFIX_HEADER = testIOSLib/PrefixHeader.pch;
				INFOPLIST_FILE = testIOSLib/Info.plist;
				IPHONEOS_DEPLOYMENT_TARGET = 6.0;
				LD_RUNPATH_SEARCH_PATHS = "$(inherited) @executable_path/Frameworks";
				PRODUCT_BUNDLE_IDENTIFIER = com.testIOSLib;
				PRODUCT_NAME = "$(TARGET_NAME)";
				TARGETED_DEVICE_FAMILY = 1;
			};
			name = Debug;
		};
		8461CC721CA2A78100594CC1 /* Release */ = {
			isa = XCBuildConfiguration;
			baseConfigurationReference = 19FFD86A5FBE9F74F87A3D6C /* Pods.release.xcconfig */;
			buildSettings = {
				ASSETCATALOG_COMPILER_APPICON_NAME = AppIcon;
				CODE_SIGN_IDENTITY = "iPhone Developer";
				GCC_PREFIX_HEADER = testIOSLib/PrefixHeader.pch;
				INFOPLIST_FILE = testIOSLib/Info.plist;
				IPHONEOS_DEPLOYMENT_TARGET = 6.0;
				LD_RUNPATH_SEARCH_PATHS = "$(inherited) @executable_path/Frameworks";
				PRODUCT_BUNDLE_IDENTIFIER = com.testIOSLib;
				PRODUCT_NAME = "$(TARGET_NAME)";
				TARGETED_DEVICE_FAMILY = 1;
			};
			name = Release;
		};
/* End XCBuildConfiguration section */

/* Begin XCConfigurationList section */
		8461CC541CA2A78000594CC1 /* Build configuration list for PBXProject "testIOSLib" */ = {
			isa = XCConfigurationList;
			buildConfigurations = (
				8461CC6E1CA2A78100594CC1 /* Debug */,
				8461CC6F1CA2A78100594CC1 /* Release */,
			);
			defaultConfigurationIsVisible = 0;
			defaultConfigurationName = Release;
		};
		8461CC701CA2A78100594CC1 /* Build configuration list for PBXNativeTarget "testIOSLib" */ = {
			isa = XCConfigurationList;
			buildConfigurations = (
				8461CC711CA2A78100594CC1 /* Debug */,
				8461CC721CA2A78100594CC1 /* Release */,
			);
			defaultConfigurationIsVisible = 0;
			defaultConfigurationName = Release;
		};
/* End XCConfigurationList section */
	};
	rootObject = 8461CC511CA2A78000594CC1 /* Project object */;
}
