// !$*UTF8*$!
{
	archiveVersion = 1;
	classes = {
	};
	objectVersion = 46;
	objects = {

/* Begin PBXBuildFile section */
		3127363768D6D6CC924CD036 /* libPods.a in Frameworks */ = {isa = PBXBuildFile; fileRef = 20F7C5ED1723ADCF303ACA7F /* libPods.a */; };
		840D91E51CB7959800385CEB /* qq_test.png in Resources */ = {isa = PBXBuildFile; fileRef = 840D91E41CB7959800385CEB /* qq_test.png */; };
		840D91E71CB7B18500385CEB /* SecondHouseParamsData.json in Resources */ = {isa = PBXBuildFile; fileRef = 840D91E61CB7B18500385CEB /* SecondHouseParamsData.json */; };
		840D91EA1CB7BE0B00385CEB /* FSBSecondHouseMoreModel.m in Sources */ = {isa = PBXBuildFile; fileRef = 840D91E91CB7BE0B00385CEB /* FSBSecondHouseMoreModel.m */; };
		841F88141CA4E06C00642797 /* Customers.m in Sources */ = {isa = PBXBuildFile; fileRef = 841F88131CA4E06C00642797 /* Customers.m */; };
		841F88171CA4E1D500642797 /* BaseDBModel.m in Sources */ = {isa = PBXBuildFile; fileRef = 841F88161CA4E1D500642797 /* BaseDBModel.m */; };
		841F881A1CA4EB0C00642797 /* BaseModel.m in Sources */ = {isa = PBXBuildFile; fileRef = 841F88191CA4EB0C00642797 /* BaseModel.m */; };
		843148EA1CA917C500606FC1 /* GTTableViewController.m in Sources */ = {isa = PBXBuildFile; fileRef = 843148E91CA917C500606FC1 /* GTTableViewController.m */; };
		843148EE1CA919A100606FC1 /* GTTableViewCell.m in Sources */ = {isa = PBXBuildFile; fileRef = 843148EC1CA919A100606FC1 /* GTTableViewCell.m */; };
		843148EF1CA919A100606FC1 /* GTTableViewCell.xib in Resources */ = {isa = PBXBuildFile; fileRef = 843148ED1CA919A100606FC1 /* GTTableViewCell.xib */; };
		843A916B1CB4F13A00E1B8E1 /* FSBMySecondMoreViewCell.m in Sources */ = {isa = PBXBuildFile; fileRef = 843A91691CB4F13A00E1B8E1 /* FSBMySecondMoreViewCell.m */; };
		843A916C1CB4F13A00E1B8E1 /* FSBMySecondMoreViewCell.xib in Resources */ = {isa = PBXBuildFile; fileRef = 843A916A1CB4F13A00E1B8E1 /* FSBMySecondMoreViewCell.xib */; };
		843A91701CB4FC4800E1B8E1 /* FSBMySecondMoreViewCollectionCell.m in Sources */ = {isa = PBXBuildFile; fileRef = 843A916E1CB4FC4800E1B8E1 /* FSBMySecondMoreViewCollectionCell.m */; };
		843A91711CB4FC4800E1B8E1 /* FSBMySecondMoreViewCollectionCell.xib in Resources */ = {isa = PBXBuildFile; fileRef = 843A916F1CB4FC4800E1B8E1 /* FSBMySecondMoreViewCollectionCell.xib */; };
		845FC0601CACC45000BF9BC5 /* FSBMySecondHouseToolbar.m in Sources */ = {isa = PBXBuildFile; fileRef = 845FC05D1CACC45000BF9BC5 /* FSBMySecondHouseToolbar.m */; };
		845FC0611CACC45000BF9BC5 /* FSBMySecondHouseToolbarContentView.m in Sources */ = {isa = PBXBuildFile; fileRef = 845FC05F1CACC45000BF9BC5 /* FSBMySecondHouseToolbarContentView.m */; };
		845FC06B1CACCD4400BF9BC5 /* checkbox_tick@2x.png in Resources */ = {isa = PBXBuildFile; fileRef = 845FC0631CACCD4400BF9BC5 /* checkbox_tick@2x.png */; };
		845FC06C1CACCD4400BF9BC5 /* checkbox_tick@3x.png in Resources */ = {isa = PBXBuildFile; fileRef = 845FC0641CACCD4400BF9BC5 /* checkbox_tick@3x.png */; };
		845FC06D1CACCD4400BF9BC5 /* head_tabbar_arrow_down@2x.png in Resources */ = {isa = PBXBuildFile; fileRef = 845FC0651CACCD4400BF9BC5 /* head_tabbar_arrow_down@2x.png */; };
		845FC06E1CACCD4400BF9BC5 /* head_tabbar_arrow_down@3x.png in Resources */ = {isa = PBXBuildFile; fileRef = 845FC0661CACCD4400BF9BC5 /* head_tabbar_arrow_down@3x.png */; };
		845FC06F1CACCD4400BF9BC5 /* head_tabbar_arrow_up@2x.png in Resources */ = {isa = PBXBuildFile; fileRef = 845FC0671CACCD4400BF9BC5 /* head_tabbar_arrow_up@2x.png */; };
		845FC0701CACCD4400BF9BC5 /* head_tabbar_arrow_up@3x.png in Resources */ = {isa = PBXBuildFile; fileRef = 845FC0681CACCD4400BF9BC5 /* head_tabbar_arrow_up@3x.png */; };
		845FC0711CACCD4400BF9BC5 /* top_lf_arrow_lf@2x.png in Resources */ = {isa = PBXBuildFile; fileRef = 845FC0691CACCD4400BF9BC5 /* top_lf_arrow_lf@2x.png */; };
		845FC0721CACCD4400BF9BC5 /* top_lf_arrow_lf@3x.png in Resources */ = {isa = PBXBuildFile; fileRef = 845FC06A1CACCD4400BF9BC5 /* top_lf_arrow_lf@3x.png */; };
		8461CC5E1CA2A78000594CC1 /* main.m in Sources */ = {isa = PBXBuildFile; fileRef = 8461CC5D1CA2A78000594CC1 /* main.m */; };
		8461CC671CA2A78000594CC1 /* Main.storyboard in Resources */ = {isa = PBXBuildFile; fileRef = 8461CC651CA2A78000594CC1 /* Main.storyboard */; };
		8461CC691CA2A78100594CC1 /* Assets.xcassets in Resources */ = {isa = PBXBuildFile; fileRef = 8461CC681CA2A78100594CC1 /* Assets.xcassets */; };
		846860F51CB39CB700B75E1B /* FSBMySecondHouseMoreView.m in Sources */ = {isa = PBXBuildFile; fileRef = 846860F41CB39CB700B75E1B /* FSBMySecondHouseMoreView.m */; };
		846860F71CB39D9400B75E1B /* FSBMySecondHouseMoreView.xib in Resources */ = {isa = PBXBuildFile; fileRef = 846860F61CB39D9400B75E1B /* FSBMySecondHouseMoreView.xib */; };
		846860FA1CB3A3DE00B75E1B /* FMUMath.m in Sources */ = {isa = PBXBuildFile; fileRef = 846860F91CB3A3DE00B75E1B /* FMUMath.m */; };
		8486162B1CAA22F8003F2C78 /* AppDelegate.m in Sources */ = {isa = PBXBuildFile; fileRef = 848616251CAA22F8003F2C78 /* AppDelegate.m */; };
		8486162C1CAA22F8003F2C78 /* ViewController.m in Sources */ = {isa = PBXBuildFile; fileRef = 848616271CAA22F8003F2C78 /* ViewController.m */; };
		8486162D1CAA22F8003F2C78 /* GTStorageManager.m in Sources */ = {isa = PBXBuildFile; fileRef = 8486162A1CAA22F8003F2C78 /* GTStorageManager.m */; };
		848616391CAA5640003F2C78 /* ImageShowViewController.m in Sources */ = {isa = PBXBuildFile; fileRef = 848616371CAA5640003F2C78 /* ImageShowViewController.m */; };
		848616431CAA587E003F2C78 /* UILabel+Utility.m in Sources */ = {isa = PBXBuildFile; fileRef = 848616421CAA587E003F2C78 /* UILabel+Utility.m */; };
		848616461CAA5C36003F2C78 /* NSString+Utility.m in Sources */ = {isa = PBXBuildFile; fileRef = 848616451CAA5C36003F2C78 /* NSString+Utility.m */; };
		848616491CAA5DB0003F2C78 /* UIColor+Utility.m in Sources */ = {isa = PBXBuildFile; fileRef = 848616481CAA5DB0003F2C78 /* UIColor+Utility.m */; };
		8486164D1CAA854F003F2C78 /* ImageEditorViewController.m in Sources */ = {isa = PBXBuildFile; fileRef = 8486164B1CAA854F003F2C78 /* ImageEditorViewController.m */; };
		8486164E1CAA854F003F2C78 /* ImageEditorViewController.xib in Resources */ = {isa = PBXBuildFile; fileRef = 8486164C1CAA854F003F2C78 /* ImageEditorViewController.xib */; };
		84898BF61CA3B8C8006DCBF0 /* Customer.m in Sources */ = {isa = PBXBuildFile; fileRef = 84898BF51CA3B8C8006DCBF0 /* Customer.m */; };
		84898BF81CA3C3F6006DCBF0 /* testCustomJson.json in Resources */ = {isa = PBXBuildFile; fileRef = 84898BF71CA3C3F6006DCBF0 /* testCustomJson.json */; };
		8490BB6A1CB643DE00039C51 /* SecondHouseData.json in Resources */ = {isa = PBXBuildFile; fileRef = 8490BB691CB643DE00039C51 /* SecondHouseData.json */; };
		8490BB6D1CB681AB00039C51 /* CALayer+UIColor.m in Sources */ = {isa = PBXBuildFile; fileRef = 8490BB6C1CB681AB00039C51 /* CALayer+UIColor.m */; };
		84B0E3571CA2A9D40033D2A2 /* testCustomDB.db in Resources */ = {isa = PBXBuildFile; fileRef = 84B0E3561CA2A9D40033D2A2 /* testCustomDB.db */; };
		84D4F0F61CA38D71005D5757 /* GTDBManager.m in Sources */ = {isa = PBXBuildFile; fileRef = 84D4F0F51CA38D71005D5757 /* GTDBManager.m */; };
		C80BBFE51CB147A900F0EF0A /* GTCollectionViewCell.m in Sources */ = {isa = PBXBuildFile; fileRef = C80BBFE31CB147A900F0EF0A /* GTCollectionViewCell.m */; };
		C80BBFE61CB147A900F0EF0A /* GTCollectionViewCell.xib in Resources */ = {isa = PBXBuildFile; fileRef = C80BBFE41CB147A900F0EF0A /* GTCollectionViewCell.xib */; };
		C80BBFEA1CB1B46100F0EF0A /* GTCollectionViewHeader.m in Sources */ = {isa = PBXBuildFile; fileRef = C80BBFE81CB1B46100F0EF0A /* GTCollectionViewHeader.m */; };
		C80BBFEB1CB1B46100F0EF0A /* GTCollectionViewHeader.xib in Resources */ = {isa = PBXBuildFile; fileRef = C80BBFE91CB1B46100F0EF0A /* GTCollectionViewHeader.xib */; };
		C8673F631CB55FEC00ED34D3 /* MyBaseLayout.m in Sources */ = {isa = PBXBuildFile; fileRef = C8673F451CB55FEC00ED34D3 /* MyBaseLayout.m */; };
		C8673F641CB55FEC00ED34D3 /* MyDimeScale.m in Sources */ = {isa = PBXBuildFile; fileRef = C8673F471CB55FEC00ED34D3 /* MyDimeScale.m */; };
		C8673F651CB55FEC00ED34D3 /* MyFloatLayout.m in Sources */ = {isa = PBXBuildFile; fileRef = C8673F491CB55FEC00ED34D3 /* MyFloatLayout.m */; };
		C8673F661CB55FEC00ED34D3 /* MyFlowLayout.m in Sources */ = {isa = PBXBuildFile; fileRef = C8673F4B1CB55FEC00ED34D3 /* MyFlowLayout.m */; };
		C8673F671CB55FEC00ED34D3 /* MyFrameLayout.m in Sources */ = {isa = PBXBuildFile; fileRef = C8673F4D1CB55FEC00ED34D3 /* MyFrameLayout.m */; };
		C8673F681CB55FEC00ED34D3 /* MyLayoutDime.m in Sources */ = {isa = PBXBuildFile; fileRef = C8673F511CB55FEC00ED34D3 /* MyLayoutDime.m */; };
		C8673F691CB55FEC00ED34D3 /* MyLayoutMeasure.m in Sources */ = {isa = PBXBuildFile; fileRef = C8673F551CB55FEC00ED34D3 /* MyLayoutMeasure.m */; };
		C8673F6A1CB55FEC00ED34D3 /* MyLayoutPos.m in Sources */ = {isa = PBXBuildFile; fileRef = C8673F571CB55FEC00ED34D3 /* MyLayoutPos.m */; };
		C8673F6B1CB55FEC00ED34D3 /* MyLayoutSizeClass.m in Sources */ = {isa = PBXBuildFile; fileRef = C8673F5A1CB55FEC00ED34D3 /* MyLayoutSizeClass.m */; };
		C8673F6C1CB55FEC00ED34D3 /* MyLinearLayout.m in Sources */ = {isa = PBXBuildFile; fileRef = C8673F5C1CB55FEC00ED34D3 /* MyLinearLayout.m */; };
		C8673F6D1CB55FEC00ED34D3 /* MyMaker.m in Sources */ = {isa = PBXBuildFile; fileRef = C8673F5E1CB55FEC00ED34D3 /* MyMaker.m */; };
		C8673F6E1CB55FEC00ED34D3 /* MyRelativeLayout.m in Sources */ = {isa = PBXBuildFile; fileRef = C8673F601CB55FEC00ED34D3 /* MyRelativeLayout.m */; };
		C8673F6F1CB55FEC00ED34D3 /* MyTableLayout.m in Sources */ = {isa = PBXBuildFile; fileRef = C8673F621CB55FEC00ED34D3 /* MyTableLayout.m */; };
		C8673F741CB5614400ED34D3 /* FSBMySecondHouseMoreLayout.m in Sources */ = {isa = PBXBuildFile; fileRef = C8673F721CB5614400ED34D3 /* FSBMySecondHouseMoreLayout.m */; };
		C8673F751CB5614400ED34D3 /* FSBMySecondHouseMoreLayout.xib in Resources */ = {isa = PBXBuildFile; fileRef = C8673F731CB5614400ED34D3 /* FSBMySecondHouseMoreLayout.xib */; };
		C8CDEAB51CB2534700519D4C /* ImageCategoryViewController.m in Sources */ = {isa = PBXBuildFile; fileRef = C8CDEAB31CB2534700519D4C /* ImageCategoryViewController.m */; };
		C8CDEAB61CB2534700519D4C /* ImageCategoryViewController.xib in Resources */ = {isa = PBXBuildFile; fileRef = C8CDEAB41CB2534700519D4C /* ImageCategoryViewController.xib */; };
		C8CDEABA1CB263FE00519D4C /* GTCollectionAddViewCell.m in Sources */ = {isa = PBXBuildFile; fileRef = C8CDEAB81CB263FE00519D4C /* GTCollectionAddViewCell.m */; };
		C8CDEABB1CB263FE00519D4C /* GTCollectionAddViewCell.xib in Resources */ = {isa = PBXBuildFile; fileRef = C8CDEAB91CB263FE00519D4C /* GTCollectionAddViewCell.xib */; };
/* End PBXBuildFile section */

/* Begin PBXFileReference section */
		19FFD86A5FBE9F74F87A3D6C /* Pods.release.xcconfig */ = {isa = PBXFileReference; includeInIndex = 1; lastKnownFileType = text.xcconfig; name = Pods.release.xcconfig; path = "Pods/Target Support Files/Pods/Pods.release.xcconfig"; sourceTree = "<group>"; };
		20F7C5ED1723ADCF303ACA7F /* libPods.a */ = {isa = PBXFileReference; explicitFileType = archive.ar; includeInIndex = 0; path = libPods.a; sourceTree = BUILT_PRODUCTS_DIR; };
		840D91E41CB7959800385CEB /* qq_test.png */ = {isa = PBXFileReference; lastKnownFileType = image.png; path = qq_test.png; sourceTree = "<group>"; };
		840D91E61CB7B18500385CEB /* SecondHouseParamsData.json */ = {isa = PBXFileReference; fileEncoding = 4; lastKnownFileType = text.json; path = SecondHouseParamsData.json; sourceTree = "<group>"; };
		840D91E81CB7BE0B00385CEB /* FSBSecondHouseMoreModel.h */ = {isa = PBXFileReference; fileEncoding = 4; lastKnownFileType = sourcecode.c.h; path = FSBSecondHouseMoreModel.h; sourceTree = "<group>"; };
		840D91E91CB7BE0B00385CEB /* FSBSecondHouseMoreModel.m */ = {isa = PBXFileReference; fileEncoding = 4; lastKnownFileType = sourcecode.c.objc; path = FSBSecondHouseMoreModel.m; sourceTree = "<group>"; };
		841F88121CA4E06C00642797 /* Customers.h */ = {isa = PBXFileReference; fileEncoding = 4; lastKnownFileType = sourcecode.c.h; path = Customers.h; sourceTree = "<group>"; };
		841F88131CA4E06C00642797 /* Customers.m */ = {isa = PBXFileReference; fileEncoding = 4; lastKnownFileType = sourcecode.c.objc; path = Customers.m; sourceTree = "<group>"; };
		841F88151CA4E1D500642797 /* BaseDBModel.h */ = {isa = PBXFileReference; fileEncoding = 4; lastKnownFileType = sourcecode.c.h; path = BaseDBModel.h; sourceTree = "<group>"; };
		841F88161CA4E1D500642797 /* BaseDBModel.m */ = {isa = PBXFileReference; fileEncoding = 4; lastKnownFileType = sourcecode.c.objc; path = BaseDBModel.m; sourceTree = "<group>"; };
		841F88181CA4EB0C00642797 /* BaseModel.h */ = {isa = PBXFileReference; fileEncoding = 4; lastKnownFileType = sourcecode.c.h; path = BaseModel.h; sourceTree = "<group>"; };
		841F88191CA4EB0C00642797 /* BaseModel.m */ = {isa = PBXFileReference; fileEncoding = 4; lastKnownFileType = sourcecode.c.objc; path = BaseModel.m; sourceTree = "<group>"; };
		843148E81CA917C500606FC1 /* GTTableViewController.h */ = {isa = PBXFileReference; fileEncoding = 4; lastKnownFileType = sourcecode.c.h; path = GTTableViewController.h; sourceTree = "<group>"; };
		843148E91CA917C500606FC1 /* GTTableViewController.m */ = {isa = PBXFileReference; fileEncoding = 4; lastKnownFileType = sourcecode.c.objc; path = GTTableViewController.m; sourceTree = "<group>"; };
		843148EB1CA919A100606FC1 /* GTTableViewCell.h */ = {isa = PBXFileReference; fileEncoding = 4; lastKnownFileType = sourcecode.c.h; path = GTTableViewCell.h; sourceTree = "<group>"; };
		843148EC1CA919A100606FC1 /* GTTableViewCell.m */ = {isa = PBXFileReference; fileEncoding = 4; lastKnownFileType = sourcecode.c.objc; path = GTTableViewCell.m; sourceTree = "<group>"; };
		843148ED1CA919A100606FC1 /* GTTableViewCell.xib */ = {isa = PBXFileReference; fileEncoding = 4; lastKnownFileType = file.xib; path = GTTableViewCell.xib; sourceTree = "<group>"; };
		843A91681CB4F13A00E1B8E1 /* FSBMySecondMoreViewCell.h */ = {isa = PBXFileReference; fileEncoding = 4; lastKnownFileType = sourcecode.c.h; path = FSBMySecondMoreViewCell.h; sourceTree = "<group>"; };
		843A91691CB4F13A00E1B8E1 /* FSBMySecondMoreViewCell.m */ = {isa = PBXFileReference; fileEncoding = 4; lastKnownFileType = sourcecode.c.objc; path = FSBMySecondMoreViewCell.m; sourceTree = "<group>"; };
		843A916A1CB4F13A00E1B8E1 /* FSBMySecondMoreViewCell.xib */ = {isa = PBXFileReference; fileEncoding = 4; lastKnownFileType = file.xib; path = FSBMySecondMoreViewCell.xib; sourceTree = "<group>"; };
		843A916D1CB4FC4800E1B8E1 /* FSBMySecondMoreViewCollectionCell.h */ = {isa = PBXFileReference; fileEncoding = 4; lastKnownFileType = sourcecode.c.h; path = FSBMySecondMoreViewCollectionCell.h; sourceTree = "<group>"; };
		843A916E1CB4FC4800E1B8E1 /* FSBMySecondMoreViewCollectionCell.m */ = {isa = PBXFileReference; fileEncoding = 4; lastKnownFileType = sourcecode.c.objc; path = FSBMySecondMoreViewCollectionCell.m; sourceTree = "<group>"; };
		843A916F1CB4FC4800E1B8E1 /* FSBMySecondMoreViewCollectionCell.xib */ = {isa = PBXFileReference; fileEncoding = 4; lastKnownFileType = file.xib; path = FSBMySecondMoreViewCollectionCell.xib; sourceTree = "<group>"; };
		845FC05C1CACC45000BF9BC5 /* FSBMySecondHouseToolbar.h */ = {isa = PBXFileReference; fileEncoding = 4; lastKnownFileType = sourcecode.c.h; path = FSBMySecondHouseToolbar.h; sourceTree = "<group>"; };
		845FC05D1CACC45000BF9BC5 /* FSBMySecondHouseToolbar.m */ = {isa = PBXFileReference; fileEncoding = 4; lastKnownFileType = sourcecode.c.objc; path = FSBMySecondHouseToolbar.m; sourceTree = "<group>"; };
		845FC05E1CACC45000BF9BC5 /* FSBMySecondHouseToolbarContentView.h */ = {isa = PBXFileReference; fileEncoding = 4; lastKnownFileType = sourcecode.c.h; path = FSBMySecondHouseToolbarContentView.h; sourceTree = "<group>"; };
		845FC05F1CACC45000BF9BC5 /* FSBMySecondHouseToolbarContentView.m */ = {isa = PBXFileReference; fileEncoding = 4; lastKnownFileType = sourcecode.c.objc; path = FSBMySecondHouseToolbarContentView.m; sourceTree = "<group>"; };
		845FC0621CACC4A000BF9BC5 /* GTPublicDefine.h */ = {isa = PBXFileReference; fileEncoding = 4; lastKnownFileType = sourcecode.c.h; path = GTPublicDefine.h; sourceTree = "<group>"; };
		845FC0631CACCD4400BF9BC5 /* checkbox_tick@2x.png */ = {isa = PBXFileReference; lastKnownFileType = image.png; path = "checkbox_tick@2x.png"; sourceTree = "<group>"; };
		845FC0641CACCD4400BF9BC5 /* checkbox_tick@3x.png */ = {isa = PBXFileReference; lastKnownFileType = image.png; path = "checkbox_tick@3x.png"; sourceTree = "<group>"; };
		845FC0651CACCD4400BF9BC5 /* head_tabbar_arrow_down@2x.png */ = {isa = PBXFileReference; lastKnownFileType = image.png; path = "head_tabbar_arrow_down@2x.png"; sourceTree = "<group>"; };
		845FC0661CACCD4400BF9BC5 /* head_tabbar_arrow_down@3x.png */ = {isa = PBXFileReference; lastKnownFileType = image.png; path = "head_tabbar_arrow_down@3x.png"; sourceTree = "<group>"; };
		845FC0671CACCD4400BF9BC5 /* head_tabbar_arrow_up@2x.png */ = {isa = PBXFileReference; lastKnownFileType = image.png; path = "head_tabbar_arrow_up@2x.png"; sourceTree = "<group>"; };
		845FC0681CACCD4400BF9BC5 /* head_tabbar_arrow_up@3x.png */ = {isa = PBXFileReference; lastKnownFileType = image.png; path = "head_tabbar_arrow_up@3x.png"; sourceTree = "<group>"; };
		845FC0691CACCD4400BF9BC5 /* top_lf_arrow_lf@2x.png */ = {isa = PBXFileReference; lastKnownFileType = image.png; path = "top_lf_arrow_lf@2x.png"; sourceTree = "<group>"; };
		845FC06A1CACCD4400BF9BC5 /* top_lf_arrow_lf@3x.png */ = {isa = PBXFileReference; lastKnownFileType = image.png; path = "top_lf_arrow_lf@3x.png"; sourceTree = "<group>"; };
		8461CC591CA2A78000594CC1 /* testIOSLib.app */ = {isa = PBXFileReference; explicitFileType = wrapper.application; includeInIndex = 0; path = testIOSLib.app; sourceTree = BUILT_PRODUCTS_DIR; };
		8461CC5D1CA2A78000594CC1 /* main.m */ = {isa = PBXFileReference; lastKnownFileType = sourcecode.c.objc; path = main.m; sourceTree = "<group>"; };
		8461CC661CA2A78000594CC1 /* Base */ = {isa = PBXFileReference; lastKnownFileType = file.storyboard; name = Base; path = Base.lproj/Main.storyboard; sourceTree = "<group>"; };
		8461CC681CA2A78100594CC1 /* Assets.xcassets */ = {isa = PBXFileReference; lastKnownFileType = folder.assetcatalog; path = Assets.xcassets; sourceTree = "<group>"; };
		8461CC6D1CA2A78100594CC1 /* Info.plist */ = {isa = PBXFileReference; lastKnownFileType = text.plist.xml; path = Info.plist; sourceTree = "<group>"; };
		846860F31CB39CB700B75E1B /* FSBMySecondHouseMoreView.h */ = {isa = PBXFileReference; fileEncoding = 4; lastKnownFileType = sourcecode.c.h; path = FSBMySecondHouseMoreView.h; sourceTree = "<group>"; };
		846860F41CB39CB700B75E1B /* FSBMySecondHouseMoreView.m */ = {isa = PBXFileReference; fileEncoding = 4; lastKnownFileType = sourcecode.c.objc; path = FSBMySecondHouseMoreView.m; sourceTree = "<group>"; };
		846860F61CB39D9400B75E1B /* FSBMySecondHouseMoreView.xib */ = {isa = PBXFileReference; fileEncoding = 4; lastKnownFileType = file.xib; path = FSBMySecondHouseMoreView.xib; sourceTree = "<group>"; };
		846860F81CB3A3DE00B75E1B /* FMUMath.h */ = {isa = PBXFileReference; fileEncoding = 4; lastKnownFileType = sourcecode.c.h; path = FMUMath.h; sourceTree = "<group>"; };
		846860F91CB3A3DE00B75E1B /* FMUMath.m */ = {isa = PBXFileReference; fileEncoding = 4; lastKnownFileType = sourcecode.c.objc; path = FMUMath.m; sourceTree = "<group>"; };
		848616241CAA22F8003F2C78 /* AppDelegate.h */ = {isa = PBXFileReference; fileEncoding = 4; lastKnownFileType = sourcecode.c.h; path = AppDelegate.h; sourceTree = "<group>"; };
		848616251CAA22F8003F2C78 /* AppDelegate.m */ = {isa = PBXFileReference; fileEncoding = 4; lastKnownFileType = sourcecode.c.objc; path = AppDelegate.m; sourceTree = "<group>"; };
		848616261CAA22F8003F2C78 /* ViewController.h */ = {isa = PBXFileReference; fileEncoding = 4; lastKnownFileType = sourcecode.c.h; path = ViewController.h; sourceTree = "<group>"; };
		848616271CAA22F8003F2C78 /* ViewController.m */ = {isa = PBXFileReference; fileEncoding = 4; lastKnownFileType = sourcecode.c.objc; path = ViewController.m; sourceTree = "<group>"; };
		848616291CAA22F8003F2C78 /* GTStorageManager.h */ = {isa = PBXFileReference; fileEncoding = 4; lastKnownFileType = sourcecode.c.h; path = GTStorageManager.h; sourceTree = "<group>"; };
		8486162A1CAA22F8003F2C78 /* GTStorageManager.m */ = {isa = PBXFileReference; fileEncoding = 4; lastKnownFileType = sourcecode.c.objc; path = GTStorageManager.m; sourceTree = "<group>"; };
		8486162E1CAA2301003F2C78 /* PrefixHeader.pch */ = {isa = PBXFileReference; fileEncoding = 4; lastKnownFileType = sourcecode.c.h; name = PrefixHeader.pch; path = testIOSLib/PrefixHeader.pch; sourceTree = SOURCE_ROOT; };
		848616361CAA5640003F2C78 /* ImageShowViewController.h */ = {isa = PBXFileReference; fileEncoding = 4; lastKnownFileType = sourcecode.c.h; path = ImageShowViewController.h; sourceTree = "<group>"; };
		848616371CAA5640003F2C78 /* ImageShowViewController.m */ = {isa = PBXFileReference; fileEncoding = 4; lastKnownFileType = sourcecode.c.objc; path = ImageShowViewController.m; sourceTree = "<group>"; };
		848616411CAA587E003F2C78 /* UILabel+Utility.h */ = {isa = PBXFileReference; fileEncoding = 4; lastKnownFileType = sourcecode.c.h; path = "UILabel+Utility.h"; sourceTree = "<group>"; };
		848616421CAA587E003F2C78 /* UILabel+Utility.m */ = {isa = PBXFileReference; fileEncoding = 4; lastKnownFileType = sourcecode.c.objc; path = "UILabel+Utility.m"; sourceTree = "<group>"; };
		848616441CAA5C36003F2C78 /* NSString+Utility.h */ = {isa = PBXFileReference; fileEncoding = 4; lastKnownFileType = sourcecode.c.h; path = "NSString+Utility.h"; sourceTree = "<group>"; };
		848616451CAA5C36003F2C78 /* NSString+Utility.m */ = {isa = PBXFileReference; fileEncoding = 4; lastKnownFileType = sourcecode.c.objc; path = "NSString+Utility.m"; sourceTree = "<group>"; };
		848616471CAA5DB0003F2C78 /* UIColor+Utility.h */ = {isa = PBXFileReference; fileEncoding = 4; lastKnownFileType = sourcecode.c.h; path = "UIColor+Utility.h"; sourceTree = "<group>"; };
		848616481CAA5DB0003F2C78 /* UIColor+Utility.m */ = {isa = PBXFileReference; fileEncoding = 4; lastKnownFileType = sourcecode.c.objc; path = "UIColor+Utility.m"; sourceTree = "<group>"; };
		8486164A1CAA854F003F2C78 /* ImageEditorViewController.h */ = {isa = PBXFileReference; fileEncoding = 4; lastKnownFileType = sourcecode.c.h; path = ImageEditorViewController.h; sourceTree = "<group>"; };
		8486164B1CAA854F003F2C78 /* ImageEditorViewController.m */ = {isa = PBXFileReference; fileEncoding = 4; lastKnownFileType = sourcecode.c.objc; path = ImageEditorViewController.m; sourceTree = "<group>"; };
		8486164C1CAA854F003F2C78 /* ImageEditorViewController.xib */ = {isa = PBXFileReference; fileEncoding = 4; lastKnownFileType = file.xib; path = ImageEditorViewController.xib; sourceTree = "<group>"; };
		84898BF31CA3B8C8006DCBF0 /* AllBeans.h */ = {isa = PBXFileReference; fileEncoding = 4; lastKnownFileType = sourcecode.c.h; path = AllBeans.h; sourceTree = "<group>"; };
		84898BF41CA3B8C8006DCBF0 /* Customer.h */ = {isa = PBXFileReference; fileEncoding = 4; lastKnownFileType = sourcecode.c.h; path = Customer.h; sourceTree = "<group>"; };
		84898BF51CA3B8C8006DCBF0 /* Customer.m */ = {isa = PBXFileReference; fileEncoding = 4; lastKnownFileType = sourcecode.c.objc; path = Customer.m; sourceTree = "<group>"; };
		84898BF71CA3C3F6006DCBF0 /* testCustomJson.json */ = {isa = PBXFileReference; fileEncoding = 4; lastKnownFileType = text.json; path = testCustomJson.json; sourceTree = "<group>"; };
		8490BB691CB643DE00039C51 /* SecondHouseData.json */ = {isa = PBXFileReference; fileEncoding = 4; lastKnownFileType = text.json; path = SecondHouseData.json; sourceTree = "<group>"; };
		8490BB6B1CB681AB00039C51 /* CALayer+UIColor.h */ = {isa = PBXFileReference; fileEncoding = 4; lastKnownFileType = sourcecode.c.h; path = "CALayer+UIColor.h"; sourceTree = "<group>"; };
		8490BB6C1CB681AB00039C51 /* CALayer+UIColor.m */ = {isa = PBXFileReference; fileEncoding = 4; lastKnownFileType = sourcecode.c.objc; path = "CALayer+UIColor.m"; sourceTree = "<group>"; };
		84B0E3561CA2A9D40033D2A2 /* testCustomDB.db */ = {isa = PBXFileReference; lastKnownFileType = file; path = testCustomDB.db; sourceTree = "<group>"; };
		84D4F0F41CA38D71005D5757 /* GTDBManager.h */ = {isa = PBXFileReference; fileEncoding = 4; lastKnownFileType = sourcecode.c.h; path = GTDBManager.h; sourceTree = "<group>"; };
		84D4F0F51CA38D71005D5757 /* GTDBManager.m */ = {isa = PBXFileReference; fileEncoding = 4; lastKnownFileType = sourcecode.c.objc; path = GTDBManager.m; sourceTree = "<group>"; };
		84D4F0FF1CA39AAB005D5757 /* libsqlite3.tbd */ = {isa = PBXFileReference; lastKnownFileType = "sourcecode.text-based-dylib-definition"; name = libsqlite3.tbd; path = usr/lib/libsqlite3.tbd; sourceTree = SDKROOT; };
		84E8291D1CB602F500B41116 /* QuartzCore.framework */ = {isa = PBXFileReference; lastKnownFileType = wrapper.framework; name = QuartzCore.framework; path = System/Library/Frameworks/QuartzCore.framework; sourceTree = SDKROOT; };
		C80BBFE21CB147A900F0EF0A /* GTCollectionViewCell.h */ = {isa = PBXFileReference; fileEncoding = 4; lastKnownFileType = sourcecode.c.h; path = GTCollectionViewCell.h; sourceTree = "<group>"; };
		C80BBFE31CB147A900F0EF0A /* GTCollectionViewCell.m */ = {isa = PBXFileReference; fileEncoding = 4; lastKnownFileType = sourcecode.c.objc; path = GTCollectionViewCell.m; sourceTree = "<group>"; };
		C80BBFE41CB147A900F0EF0A /* GTCollectionViewCell.xib */ = {isa = PBXFileReference; fileEncoding = 4; lastKnownFileType = file.xib; path = GTCollectionViewCell.xib; sourceTree = "<group>"; };
		C80BBFE71CB1B46100F0EF0A /* GTCollectionViewHeader.h */ = {isa = PBXFileReference; fileEncoding = 4; lastKnownFileType = sourcecode.c.h; path = GTCollectionViewHeader.h; sourceTree = "<group>"; };
		C80BBFE81CB1B46100F0EF0A /* GTCollectionViewHeader.m */ = {isa = PBXFileReference; fileEncoding = 4; lastKnownFileType = sourcecode.c.objc; path = GTCollectionViewHeader.m; sourceTree = "<group>"; };
		C80BBFE91CB1B46100F0EF0A /* GTCollectionViewHeader.xib */ = {isa = PBXFileReference; fileEncoding = 4; lastKnownFileType = file.xib; path = GTCollectionViewHeader.xib; sourceTree = "<group>"; };
		C8673F441CB55FEC00ED34D3 /* MyBaseLayout.h */ = {isa = PBXFileReference; fileEncoding = 4; lastKnownFileType = sourcecode.c.h; path = MyBaseLayout.h; sourceTree = "<group>"; };
		C8673F451CB55FEC00ED34D3 /* MyBaseLayout.m */ = {isa = PBXFileReference; fileEncoding = 4; lastKnownFileType = sourcecode.c.objc; path = MyBaseLayout.m; sourceTree = "<group>"; };
		C8673F461CB55FEC00ED34D3 /* MyDimeScale.h */ = {isa = PBXFileReference; fileEncoding = 4; lastKnownFileType = sourcecode.c.h; path = MyDimeScale.h; sourceTree = "<group>"; };
		C8673F471CB55FEC00ED34D3 /* MyDimeScale.m */ = {isa = PBXFileReference; fileEncoding = 4; lastKnownFileType = sourcecode.c.objc; path = MyDimeScale.m; sourceTree = "<group>"; };
		C8673F481CB55FEC00ED34D3 /* MyFloatLayout.h */ = {isa = PBXFileReference; fileEncoding = 4; lastKnownFileType = sourcecode.c.h; path = MyFloatLayout.h; sourceTree = "<group>"; };
		C8673F491CB55FEC00ED34D3 /* MyFloatLayout.m */ = {isa = PBXFileReference; fileEncoding = 4; lastKnownFileType = sourcecode.c.objc; path = MyFloatLayout.m; sourceTree = "<group>"; };
		C8673F4A1CB55FEC00ED34D3 /* MyFlowLayout.h */ = {isa = PBXFileReference; fileEncoding = 4; lastKnownFileType = sourcecode.c.h; path = MyFlowLayout.h; sourceTree = "<group>"; };
		C8673F4B1CB55FEC00ED34D3 /* MyFlowLayout.m */ = {isa = PBXFileReference; fileEncoding = 4; lastKnownFileType = sourcecode.c.objc; path = MyFlowLayout.m; sourceTree = "<group>"; };
		C8673F4C1CB55FEC00ED34D3 /* MyFrameLayout.h */ = {isa = PBXFileReference; fileEncoding = 4; lastKnownFileType = sourcecode.c.h; path = MyFrameLayout.h; sourceTree = "<group>"; };
		C8673F4D1CB55FEC00ED34D3 /* MyFrameLayout.m */ = {isa = PBXFileReference; fileEncoding = 4; lastKnownFileType = sourcecode.c.objc; path = MyFrameLayout.m; sourceTree = "<group>"; };
		C8673F4E1CB55FEC00ED34D3 /* MyLayout.h */ = {isa = PBXFileReference; fileEncoding = 4; lastKnownFileType = sourcecode.c.h; path = MyLayout.h; sourceTree = "<group>"; };
		C8673F4F1CB55FEC00ED34D3 /* MyLayoutDef.h */ = {isa = PBXFileReference; fileEncoding = 4; lastKnownFileType = sourcecode.c.h; path = MyLayoutDef.h; sourceTree = "<group>"; };
		C8673F501CB55FEC00ED34D3 /* MyLayoutDime.h */ = {isa = PBXFileReference; fileEncoding = 4; lastKnownFileType = sourcecode.c.h; path = MyLayoutDime.h; sourceTree = "<group>"; };
		C8673F511CB55FEC00ED34D3 /* MyLayoutDime.m */ = {isa = PBXFileReference; fileEncoding = 4; lastKnownFileType = sourcecode.c.objc; path = MyLayoutDime.m; sourceTree = "<group>"; };
		C8673F521CB55FEC00ED34D3 /* MyLayoutDimeInner.h */ = {isa = PBXFileReference; fileEncoding = 4; lastKnownFileType = sourcecode.c.h; path = MyLayoutDimeInner.h; sourceTree = "<group>"; };
		C8673F531CB55FEC00ED34D3 /* MyLayoutInner.h */ = {isa = PBXFileReference; fileEncoding = 4; lastKnownFileType = sourcecode.c.h; path = MyLayoutInner.h; sourceTree = "<group>"; };
		C8673F541CB55FEC00ED34D3 /* MyLayoutMeasure.h */ = {isa = PBXFileReference; fileEncoding = 4; lastKnownFileType = sourcecode.c.h; path = MyLayoutMeasure.h; sourceTree = "<group>"; };
		C8673F551CB55FEC00ED34D3 /* MyLayoutMeasure.m */ = {isa = PBXFileReference; fileEncoding = 4; lastKnownFileType = sourcecode.c.objc; path = MyLayoutMeasure.m; sourceTree = "<group>"; };
		C8673F561CB55FEC00ED34D3 /* MyLayoutPos.h */ = {isa = PBXFileReference; fileEncoding = 4; lastKnownFileType = sourcecode.c.h; path = MyLayoutPos.h; sourceTree = "<group>"; };
		C8673F571CB55FEC00ED34D3 /* MyLayoutPos.m */ = {isa = PBXFileReference; fileEncoding = 4; lastKnownFileType = sourcecode.c.objc; path = MyLayoutPos.m; sourceTree = "<group>"; };
		C8673F581CB55FEC00ED34D3 /* MyLayoutPosInner.h */ = {isa = PBXFileReference; fileEncoding = 4; lastKnownFileType = sourcecode.c.h; path = MyLayoutPosInner.h; sourceTree = "<group>"; };
		C8673F591CB55FEC00ED34D3 /* MyLayoutSizeClass.h */ = {isa = PBXFileReference; fileEncoding = 4; lastKnownFileType = sourcecode.c.h; path = MyLayoutSizeClass.h; sourceTree = "<group>"; };
		C8673F5A1CB55FEC00ED34D3 /* MyLayoutSizeClass.m */ = {isa = PBXFileReference; fileEncoding = 4; lastKnownFileType = sourcecode.c.objc; path = MyLayoutSizeClass.m; sourceTree = "<group>"; };
		C8673F5B1CB55FEC00ED34D3 /* MyLinearLayout.h */ = {isa = PBXFileReference; fileEncoding = 4; lastKnownFileType = sourcecode.c.h; path = MyLinearLayout.h; sourceTree = "<group>"; };
		C8673F5C1CB55FEC00ED34D3 /* MyLinearLayout.m */ = {isa = PBXFileReference; fileEncoding = 4; lastKnownFileType = sourcecode.c.objc; path = MyLinearLayout.m; sourceTree = "<group>"; };
		C8673F5D1CB55FEC00ED34D3 /* MyMaker.h */ = {isa = PBXFileReference; fileEncoding = 4; lastKnownFileType = sourcecode.c.h; path = MyMaker.h; sourceTree = "<group>"; };
		C8673F5E1CB55FEC00ED34D3 /* MyMaker.m */ = {isa = PBXFileReference; fileEncoding = 4; lastKnownFileType = sourcecode.c.objc; path = MyMaker.m; sourceTree = "<group>"; };
		C8673F5F1CB55FEC00ED34D3 /* MyRelativeLayout.h */ = {isa = PBXFileReference; fileEncoding = 4; lastKnownFileType = sourcecode.c.h; path = MyRelativeLayout.h; sourceTree = "<group>"; };
		C8673F601CB55FEC00ED34D3 /* MyRelativeLayout.m */ = {isa = PBXFileReference; fileEncoding = 4; lastKnownFileType = sourcecode.c.objc; path = MyRelativeLayout.m; sourceTree = "<group>"; };
		C8673F611CB55FEC00ED34D3 /* MyTableLayout.h */ = {isa = PBXFileReference; fileEncoding = 4; lastKnownFileType = sourcecode.c.h; path = MyTableLayout.h; sourceTree = "<group>"; };
		C8673F621CB55FEC00ED34D3 /* MyTableLayout.m */ = {isa = PBXFileReference; fileEncoding = 4; lastKnownFileType = sourcecode.c.objc; path = MyTableLayout.m; sourceTree = "<group>"; };
		C8673F711CB5614400ED34D3 /* FSBMySecondHouseMoreLayout.h */ = {isa = PBXFileReference; fileEncoding = 4; lastKnownFileType = sourcecode.c.h; path = FSBMySecondHouseMoreLayout.h; sourceTree = "<group>"; };
		C8673F721CB5614400ED34D3 /* FSBMySecondHouseMoreLayout.m */ = {isa = PBXFileReference; fileEncoding = 4; lastKnownFileType = sourcecode.c.objc; path = FSBMySecondHouseMoreLayout.m; sourceTree = "<group>"; };
		C8673F731CB5614400ED34D3 /* FSBMySecondHouseMoreLayout.xib */ = {isa = PBXFileReference; fileEncoding = 4; lastKnownFileType = file.xib; path = FSBMySecondHouseMoreLayout.xib; sourceTree = "<group>"; };
		C8CDEAB21CB2534700519D4C /* ImageCategoryViewController.h */ = {isa = PBXFileReference; fileEncoding = 4; lastKnownFileType = sourcecode.c.h; path = ImageCategoryViewController.h; sourceTree = "<group>"; };
		C8CDEAB31CB2534700519D4C /* ImageCategoryViewController.m */ = {isa = PBXFileReference; fileEncoding = 4; lastKnownFileType = sourcecode.c.objc; path = ImageCategoryViewController.m; sourceTree = "<group>"; };
		C8CDEAB41CB2534700519D4C /* ImageCategoryViewController.xib */ = {isa = PBXFileReference; fileEncoding = 4; lastKnownFileType = file.xib; path = ImageCategoryViewController.xib; sourceTree = "<group>"; };
		C8CDEAB71CB263FE00519D4C /* GTCollectionAddViewCell.h */ = {isa = PBXFileReference; fileEncoding = 4; lastKnownFileType = sourcecode.c.h; path = GTCollectionAddViewCell.h; sourceTree = "<group>"; };
		C8CDEAB81CB263FE00519D4C /* GTCollectionAddViewCell.m */ = {isa = PBXFileReference; fileEncoding = 4; lastKnownFileType = sourcecode.c.objc; path = GTCollectionAddViewCell.m; sourceTree = "<group>"; };
		C8CDEAB91CB263FE00519D4C /* GTCollectionAddViewCell.xib */ = {isa = PBXFileReference; fileEncoding = 4; lastKnownFileType = file.xib; path = GTCollectionAddViewCell.xib; sourceTree = "<group>"; };
		C916FA054FB787C8763E2B23 /* Pods.debug.xcconfig */ = {isa = PBXFileReference; includeInIndex = 1; lastKnownFileType = text.xcconfig; name = Pods.debug.xcconfig; path = "Pods/Target Support Files/Pods/Pods.debug.xcconfig"; sourceTree = "<group>"; };
/* End PBXFileReference section */

/* Begin PBXFrameworksBuildPhase section */
		8461CC561CA2A78000594CC1 /* Frameworks */ = {
			isa = PBXFrameworksBuildPhase;
			buildActionMask = 2147483647;
			files = (
				3127363768D6D6CC924CD036 /* libPods.a in Frameworks */,
			);
			runOnlyForDeploymentPostprocessing = 0;
		};
/* End PBXFrameworksBuildPhase section */

/* Begin PBXGroup section */
		82BFED0924673EE34A02A612 /* Frameworks */ = {
			isa = PBXGroup;
			children = (
				84E8291D1CB602F500B41116 /* QuartzCore.framework */,
				84D4F0FF1CA39AAB005D5757 /* libsqlite3.tbd */,
				20F7C5ED1723ADCF303ACA7F /* libPods.a */,
			);
			name = Frameworks;
			sourceTree = "<group>";
		};
		843148E51CA917C500606FC1 /* ViewController */ = {
			isa = PBXGroup;
			children = (
				848616351CAA55EA003F2C78 /* ImageEditor */,
				843148E61CA917C500606FC1 /* TableView */,
			);
			path = ViewController;
			sourceTree = "<group>";
		};
		843148E61CA917C500606FC1 /* TableView */ = {
			isa = PBXGroup;
			children = (
				845FC05B1CACC45000BF9BC5 /* TestView */,
				843148E71CA917C500606FC1 /* cell */,
				843148E81CA917C500606FC1 /* GTTableViewController.h */,
				843148E91CA917C500606FC1 /* GTTableViewController.m */,
			);
			path = TableView;
			sourceTree = "<group>";
		};
		843148E71CA917C500606FC1 /* cell */ = {
			isa = PBXGroup;
			children = (
				843148EB1CA919A100606FC1 /* GTTableViewCell.h */,
				843148EC1CA919A100606FC1 /* GTTableViewCell.m */,
				843148ED1CA919A100606FC1 /* GTTableViewCell.xib */,
			);
			path = cell;
			sourceTree = "<group>";
		};
		843A91671CB4F13A00E1B8E1 /* cell */ = {
			isa = PBXGroup;
			children = (
				843A91681CB4F13A00E1B8E1 /* FSBMySecondMoreViewCell.h */,
				843A91691CB4F13A00E1B8E1 /* FSBMySecondMoreViewCell.m */,
				843A916A1CB4F13A00E1B8E1 /* FSBMySecondMoreViewCell.xib */,
				843A916D1CB4FC4800E1B8E1 /* FSBMySecondMoreViewCollectionCell.h */,
				843A916E1CB4FC4800E1B8E1 /* FSBMySecondMoreViewCollectionCell.m */,
				843A916F1CB4FC4800E1B8E1 /* FSBMySecondMoreViewCollectionCell.xib */,
			);
			path = cell;
			sourceTree = "<group>";
		};
		845FC05B1CACC45000BF9BC5 /* TestView */ = {
			isa = PBXGroup;
			children = (
				C8673F701CB5614400ED34D3 /* TestLayoutView */,
				843A91671CB4F13A00E1B8E1 /* cell */,
				840D91E61CB7B18500385CEB /* SecondHouseParamsData.json */,
				845FC05C1CACC45000BF9BC5 /* FSBMySecondHouseToolbar.h */,
				845FC05D1CACC45000BF9BC5 /* FSBMySecondHouseToolbar.m */,
				845FC05E1CACC45000BF9BC5 /* FSBMySecondHouseToolbarContentView.h */,
				845FC05F1CACC45000BF9BC5 /* FSBMySecondHouseToolbarContentView.m */,
				846860F31CB39CB700B75E1B /* FSBMySecondHouseMoreView.h */,
				846860F41CB39CB700B75E1B /* FSBMySecondHouseMoreView.m */,
				846860F61CB39D9400B75E1B /* FSBMySecondHouseMoreView.xib */,
			);
			path = TestView;
			sourceTree = "<group>";
		};
		8461CC501CA2A78000594CC1 = {
			isa = PBXGroup;
			children = (
				8461CC5B1CA2A78000594CC1 /* testIOSLib */,
				8461CC5A1CA2A78000594CC1 /* Products */,
				96381C2399122088AD15B0BF /* Pods */,
				82BFED0924673EE34A02A612 /* Frameworks */,
			);
			sourceTree = "<group>";
		};
		8461CC5A1CA2A78000594CC1 /* Products */ = {
			isa = PBXGroup;
			children = (
				8461CC591CA2A78000594CC1 /* testIOSLib.app */,
			);
			name = Products;
			sourceTree = "<group>";
		};
		8461CC5B1CA2A78000594CC1 /* testIOSLib */ = {
			isa = PBXGroup;
			children = (
				C8673F421CB55FEC00ED34D3 /* Lib */,
				8461CC681CA2A78100594CC1 /* Assets.xcassets */,
				848616231CAA22F8003F2C78 /* main */,
				848616281CAA22F8003F2C78 /* System */,
				843148E51CA917C500606FC1 /* ViewController */,
				84898BF21CA3B8C8006DCBF0 /* Models */,
				84B0E3551CA2A9D40033D2A2 /* DB */,
				8486163F1CAA587E003F2C78 /* Utils */,
				8461CC651CA2A78000594CC1 /* Main.storyboard */,
				8486162F1CAA52EC003F2C78 /* Res */,
				8461CC5C1CA2A78000594CC1 /* Supporting Files */,
			);
			path = testIOSLib;
			sourceTree = "<group>";
		};
		8461CC5C1CA2A78000594CC1 /* Supporting Files */ = {
			isa = PBXGroup;
			children = (
				8461CC6D1CA2A78100594CC1 /* Info.plist */,
				8461CC5D1CA2A78000594CC1 /* main.m */,
			);
			name = "Supporting Files";
			sourceTree = "<group>";
		};
		848616231CAA22F8003F2C78 /* main */ = {
			isa = PBXGroup;
			children = (
				848616241CAA22F8003F2C78 /* AppDelegate.h */,
				848616251CAA22F8003F2C78 /* AppDelegate.m */,
				848616261CAA22F8003F2C78 /* ViewController.h */,
				848616271CAA22F8003F2C78 /* ViewController.m */,
				8486162E1CAA2301003F2C78 /* PrefixHeader.pch */,
			);
			path = main;
			sourceTree = "<group>";
		};
		848616281CAA22F8003F2C78 /* System */ = {
			isa = PBXGroup;
			children = (
				845FC0621CACC4A000BF9BC5 /* GTPublicDefine.h */,
				848616291CAA22F8003F2C78 /* GTStorageManager.h */,
				8486162A1CAA22F8003F2C78 /* GTStorageManager.m */,
			);
			path = System;
			sourceTree = "<group>";
		};
		8486162F1CAA52EC003F2C78 /* Res */ = {
			isa = PBXGroup;
			children = (
				840D91E41CB7959800385CEB /* qq_test.png */,
				848616301CAA52EC003F2C78 /* navigationBar */,
			);
			path = Res;
			sourceTree = "<group>";
		};
		848616301CAA52EC003F2C78 /* navigationBar */ = {
			isa = PBXGroup;
			children = (
				845FC0631CACCD4400BF9BC5 /* checkbox_tick@2x.png */,
				845FC0641CACCD4400BF9BC5 /* checkbox_tick@3x.png */,
				845FC0651CACCD4400BF9BC5 /* head_tabbar_arrow_down@2x.png */,
				845FC0661CACCD4400BF9BC5 /* head_tabbar_arrow_down@3x.png */,
				845FC0671CACCD4400BF9BC5 /* head_tabbar_arrow_up@2x.png */,
				845FC0681CACCD4400BF9BC5 /* head_tabbar_arrow_up@3x.png */,
				845FC0691CACCD4400BF9BC5 /* top_lf_arrow_lf@2x.png */,
				845FC06A1CACCD4400BF9BC5 /* top_lf_arrow_lf@3x.png */,
			);
			path = navigationBar;
			sourceTree = "<group>";
		};
		848616351CAA55EA003F2C78 /* ImageEditor */ = {
			isa = PBXGroup;
			children = (
				C80BBFE11CB147A900F0EF0A /* cell */,
				848616361CAA5640003F2C78 /* ImageShowViewController.h */,
				848616371CAA5640003F2C78 /* ImageShowViewController.m */,
				8486164A1CAA854F003F2C78 /* ImageEditorViewController.h */,
				8486164B1CAA854F003F2C78 /* ImageEditorViewController.m */,
				8486164C1CAA854F003F2C78 /* ImageEditorViewController.xib */,
				C8CDEAB21CB2534700519D4C /* ImageCategoryViewController.h */,
				C8CDEAB31CB2534700519D4C /* ImageCategoryViewController.m */,
				C8CDEAB41CB2534700519D4C /* ImageCategoryViewController.xib */,
			);
			path = ImageEditor;
			sourceTree = "<group>";
		};
		8486163F1CAA587E003F2C78 /* Utils */ = {
			isa = PBXGroup;
			children = (
				846860F81CB3A3DE00B75E1B /* FMUMath.h */,
				846860F91CB3A3DE00B75E1B /* FMUMath.m */,
				848616401CAA587E003F2C78 /* Category */,
			);
			path = Utils;
			sourceTree = "<group>";
		};
		848616401CAA587E003F2C78 /* Category */ = {
			isa = PBXGroup;
			children = (
				8490BB6B1CB681AB00039C51 /* CALayer+UIColor.h */,
				8490BB6C1CB681AB00039C51 /* CALayer+UIColor.m */,
				848616411CAA587E003F2C78 /* UILabel+Utility.h */,
				848616421CAA587E003F2C78 /* UILabel+Utility.m */,
				848616471CAA5DB0003F2C78 /* UIColor+Utility.h */,
				848616481CAA5DB0003F2C78 /* UIColor+Utility.m */,
				848616441CAA5C36003F2C78 /* NSString+Utility.h */,
				848616451CAA5C36003F2C78 /* NSString+Utility.m */,
			);
			path = Category;
			sourceTree = "<group>";
		};
		84898BF21CA3B8C8006DCBF0 /* Models */ = {
			isa = PBXGroup;
			children = (
				840D91E81CB7BE0B00385CEB /* FSBSecondHouseMoreModel.h */,
				840D91E91CB7BE0B00385CEB /* FSBSecondHouseMoreModel.m */,
				84898BF31CA3B8C8006DCBF0 /* AllBeans.h */,
				841F88181CA4EB0C00642797 /* BaseModel.h */,
				841F88191CA4EB0C00642797 /* BaseModel.m */,
				84898BF41CA3B8C8006DCBF0 /* Customer.h */,
				84898BF51CA3B8C8006DCBF0 /* Customer.m */,
			);
			path = Models;
			sourceTree = "<group>";
		};
		84B0E3551CA2A9D40033D2A2 /* DB */ = {
			isa = PBXGroup;
			children = (
				84D4F0F41CA38D71005D5757 /* GTDBManager.h */,
				84D4F0F51CA38D71005D5757 /* GTDBManager.m */,
				841F88151CA4E1D500642797 /* BaseDBModel.h */,
				841F88161CA4E1D500642797 /* BaseDBModel.m */,
				841F88121CA4E06C00642797 /* Customers.h */,
				841F88131CA4E06C00642797 /* Customers.m */,
				84898BF71CA3C3F6006DCBF0 /* testCustomJson.json */,
				84B0E3561CA2A9D40033D2A2 /* testCustomDB.db */,
			);
			path = DB;
			sourceTree = "<group>";
		};
		96381C2399122088AD15B0BF /* Pods */ = {
			isa = PBXGroup;
			children = (
				C916FA054FB787C8763E2B23 /* Pods.debug.xcconfig */,
				19FFD86A5FBE9F74F87A3D6C /* Pods.release.xcconfig */,
			);
			name = Pods;
			sourceTree = "<group>";
		};
		C80BBFE11CB147A900F0EF0A /* cell */ = {
			isa = PBXGroup;
			children = (
				C80BBFE71CB1B46100F0EF0A /* GTCollectionViewHeader.h */,
				C80BBFE81CB1B46100F0EF0A /* GTCollectionViewHeader.m */,
				C80BBFE91CB1B46100F0EF0A /* GTCollectionViewHeader.xib */,
				C80BBFE21CB147A900F0EF0A /* GTCollectionViewCell.h */,
				C80BBFE31CB147A900F0EF0A /* GTCollectionViewCell.m */,
				C80BBFE41CB147A900F0EF0A /* GTCollectionViewCell.xib */,
				C8CDEAB71CB263FE00519D4C /* GTCollectionAddViewCell.h */,
				C8CDEAB81CB263FE00519D4C /* GTCollectionAddViewCell.m */,
				C8CDEAB91CB263FE00519D4C /* GTCollectionAddViewCell.xib */,
			);
			path = cell;
			sourceTree = "<group>";
		};
		C8673F421CB55FEC00ED34D3 /* Lib */ = {
			isa = PBXGroup;
			children = (
				C8673F431CB55FEC00ED34D3 /* MyLayout */,
			);
			path = Lib;
			sourceTree = "<group>";
		};
		C8673F431CB55FEC00ED34D3 /* MyLayout */ = {
			isa = PBXGroup;
			children = (
				C8673F441CB55FEC00ED34D3 /* MyBaseLayout.h */,
				C8673F451CB55FEC00ED34D3 /* MyBaseLayout.m */,
				C8673F461CB55FEC00ED34D3 /* MyDimeScale.h */,
				C8673F471CB55FEC00ED34D3 /* MyDimeScale.m */,
				C8673F481CB55FEC00ED34D3 /* MyFloatLayout.h */,
				C8673F491CB55FEC00ED34D3 /* MyFloatLayout.m */,
				C8673F4A1CB55FEC00ED34D3 /* MyFlowLayout.h */,
				C8673F4B1CB55FEC00ED34D3 /* MyFlowLayout.m */,
				C8673F4C1CB55FEC00ED34D3 /* MyFrameLayout.h */,
				C8673F4D1CB55FEC00ED34D3 /* MyFrameLayout.m */,
				C8673F4E1CB55FEC00ED34D3 /* MyLayout.h */,
				C8673F4F1CB55FEC00ED34D3 /* MyLayoutDef.h */,
				C8673F501CB55FEC00ED34D3 /* MyLayoutDime.h */,
				C8673F511CB55FEC00ED34D3 /* MyLayoutDime.m */,
				C8673F521CB55FEC00ED34D3 /* MyLayoutDimeInner.h */,
				C8673F531CB55FEC00ED34D3 /* MyLayoutInner.h */,
				C8673F541CB55FEC00ED34D3 /* MyLayoutMeasure.h */,
				C8673F551CB55FEC00ED34D3 /* MyLayoutMeasure.m */,
				C8673F561CB55FEC00ED34D3 /* MyLayoutPos.h */,
				C8673F571CB55FEC00ED34D3 /* MyLayoutPos.m */,
				C8673F581CB55FEC00ED34D3 /* MyLayoutPosInner.h */,
				C8673F591CB55FEC00ED34D3 /* MyLayoutSizeClass.h */,
				C8673F5A1CB55FEC00ED34D3 /* MyLayoutSizeClass.m */,
				C8673F5B1CB55FEC00ED34D3 /* MyLinearLayout.h */,
				C8673F5C1CB55FEC00ED34D3 /* MyLinearLayout.m */,
				C8673F5D1CB55FEC00ED34D3 /* MyMaker.h */,
				C8673F5E1CB55FEC00ED34D3 /* MyMaker.m */,
				C8673F5F1CB55FEC00ED34D3 /* MyRelativeLayout.h */,
				C8673F601CB55FEC00ED34D3 /* MyRelativeLayout.m */,
				C8673F611CB55FEC00ED34D3 /* MyTableLayout.h */,
				C8673F621CB55FEC00ED34D3 /* MyTableLayout.m */,
			);
			path = MyLayout;
			sourceTree = "<group>";
		};
		C8673F701CB5614400ED34D3 /* TestLayoutView */ = {
			isa = PBXGroup;
			children = (
				8490BB691CB643DE00039C51 /* SecondHouseData.json */,
				C8673F711CB5614400ED34D3 /* FSBMySecondHouseMoreLayout.h */,
				C8673F721CB5614400ED34D3 /* FSBMySecondHouseMoreLayout.m */,
				C8673F731CB5614400ED34D3 /* FSBMySecondHouseMoreLayout.xib */,
			);
			path = TestLayoutView;
			sourceTree = "<group>";
		};
/* End PBXGroup section */

/* Begin PBXNativeTarget section */
		8461CC581CA2A78000594CC1 /* testIOSLib */ = {
			isa = PBXNativeTarget;
			buildConfigurationList = 8461CC701CA2A78100594CC1 /* Build configuration list for PBXNativeTarget "testIOSLib" */;
			buildPhases = (
				9FDC6F9646DA7CF9A0000FC7 /* Check Pods Manifest.lock */,
				8461CC551CA2A78000594CC1 /* Sources */,
				8461CC561CA2A78000594CC1 /* Frameworks */,
				8461CC571CA2A78000594CC1 /* Resources */,
				344BD89A8BAE0339A138FF45 /* Embed Pods Frameworks */,
				8BAB8C49DABC47B4B52ECD90 /* Copy Pods Resources */,
			);
			buildRules = (
			);
			dependencies = (
			);
			name = testIOSLib;
			productName = testIOSLib;
			productReference = 8461CC591CA2A78000594CC1 /* testIOSLib.app */;
			productType = "com.apple.product-type.application";
		};
/* End PBXNativeTarget section */

/* Begin PBXProject section */
		8461CC511CA2A78000594CC1 /* Project object */ = {
			isa = PBXProject;
			attributes = {
				LastUpgradeCheck = 0730;
				ORGANIZATIONNAME = admin;
				TargetAttributes = {
					8461CC581CA2A78000594CC1 = {
						CreatedOnToolsVersion = 7.3;
						DevelopmentTeam = DVFXCJTBLV;
					};
				};
			};
			buildConfigurationList = 8461CC541CA2A78000594CC1 /* Build configuration list for PBXProject "testIOSLib" */;
			compatibilityVersion = "Xcode 3.2";
			developmentRegion = English;
			hasScannedForEncodings = 0;
			knownRegions = (
				en,
				Base,
			);
			mainGroup = 8461CC501CA2A78000594CC1;
			productRefGroup = 8461CC5A1CA2A78000594CC1 /* Products */;
			projectDirPath = "";
			projectRoot = "";
			targets = (
				8461CC581CA2A78000594CC1 /* testIOSLib */,
			);
		};
/* End PBXProject section */

/* Begin PBXResourcesBuildPhase section */
		8461CC571CA2A78000594CC1 /* Resources */ = {
			isa = PBXResourcesBuildPhase;
			buildActionMask = 2147483647;
			files = (
				C80BBFE61CB147A900F0EF0A /* GTCollectionViewCell.xib in Resources */,
				840D91E71CB7B18500385CEB /* SecondHouseParamsData.json in Resources */,
				C8CDEAB61CB2534700519D4C /* ImageCategoryViewController.xib in Resources */,
				845FC0711CACCD4400BF9BC5 /* top_lf_arrow_lf@2x.png in Resources */,
				843A916C1CB4F13A00E1B8E1 /* FSBMySecondMoreViewCell.xib in Resources */,
				845FC06E1CACCD4400BF9BC5 /* head_tabbar_arrow_down@3x.png in Resources */,
				845FC0721CACCD4400BF9BC5 /* top_lf_arrow_lf@3x.png in Resources */,
				8461CC691CA2A78100594CC1 /* Assets.xcassets in Resources */,
				C8673F751CB5614400ED34D3 /* FSBMySecondHouseMoreLayout.xib in Resources */,
				843148EF1CA919A100606FC1 /* GTTableViewCell.xib in Resources */,
				C80BBFEB1CB1B46100F0EF0A /* GTCollectionViewHeader.xib in Resources */,
				84898BF81CA3C3F6006DCBF0 /* testCustomJson.json in Resources */,
				8461CC671CA2A78000594CC1 /* Main.storyboard in Resources */,
				845FC06F1CACCD4400BF9BC5 /* head_tabbar_arrow_up@2x.png in Resources */,
				C8CDEABB1CB263FE00519D4C /* GTCollectionAddViewCell.xib in Resources */,
				845FC06B1CACCD4400BF9BC5 /* checkbox_tick@2x.png in Resources */,
				8490BB6A1CB643DE00039C51 /* SecondHouseData.json in Resources */,
				845FC06D1CACCD4400BF9BC5 /* head_tabbar_arrow_down@2x.png in Resources */,
				84B0E3571CA2A9D40033D2A2 /* testCustomDB.db in Resources */,
				846860F71CB39D9400B75E1B /* FSBMySecondHouseMoreView.xib in Resources */,
				845FC06C1CACCD4400BF9BC5 /* checkbox_tick@3x.png in Resources */,
				845FC0701CACCD4400BF9BC5 /* head_tabbar_arrow_up@3x.png in Resources */,
				843A91711CB4FC4800E1B8E1 /* FSBMySecondMoreViewCollectionCell.xib in Resources */,
				8486164E1CAA854F003F2C78 /* ImageEditorViewController.xib in Resources */,
				840D91E51CB7959800385CEB /* qq_test.png in Resources */,
			);
			runOnlyForDeploymentPostprocessing = 0;
		};
/* End PBXResourcesBuildPhase section */

/* Begin PBXShellScriptBuildPhase section */
		344BD89A8BAE0339A138FF45 /* Embed Pods Frameworks */ = {
			isa = PBXShellScriptBuildPhase;
			buildActionMask = 2147483647;
			files = (
			);
			inputPaths = (
			);
			name = "Embed Pods Frameworks";
			outputPaths = (
			);
			runOnlyForDeploymentPostprocessing = 0;
			shellPath = /bin/sh;
			shellScript = "\"${SRCROOT}/Pods/Target Support Files/Pods/Pods-frameworks.sh\"\n";
			showEnvVarsInLog = 0;
		};
		8BAB8C49DABC47B4B52ECD90 /* Copy Pods Resources */ = {
			isa = PBXShellScriptBuildPhase;
			buildActionMask = 2147483647;
			files = (
			);
			inputPaths = (
			);
			name = "Copy Pods Resources";
			outputPaths = (
			);
			runOnlyForDeploymentPostprocessing = 0;
			shellPath = /bin/sh;
			shellScript = "\"${SRCROOT}/Pods/Target Support Files/Pods/Pods-resources.sh\"\n";
			showEnvVarsInLog = 0;
		};
		9FDC6F9646DA7CF9A0000FC7 /* Check Pods Manifest.lock */ = {
			isa = PBXShellScriptBuildPhase;
			buildActionMask = 2147483647;
			files = (
			);
			inputPaths = (
			);
			name = "Check Pods Manifest.lock";
			outputPaths = (
			);
			runOnlyForDeploymentPostprocessing = 0;
			shellPath = /bin/sh;
			shellScript = "diff \"${PODS_ROOT}/../Podfile.lock\" \"${PODS_ROOT}/Manifest.lock\" > /dev/null\nif [[ $? != 0 ]] ; then\n    cat << EOM\nerror: The sandbox is not in sync with the Podfile.lock. Run 'pod install' or update your CocoaPods installation.\nEOM\n    exit 1\nfi\n";
			showEnvVarsInLog = 0;
		};
/* End PBXShellScriptBuildPhase section */

/* Begin PBXSourcesBuildPhase section */
		8461CC551CA2A78000594CC1 /* Sources */ = {
			isa = PBXSourcesBuildPhase;
			buildActionMask = 2147483647;
			files = (
				848616461CAA5C36003F2C78 /* NSString+Utility.m in Sources */,
				C8673F641CB55FEC00ED34D3 /* MyDimeScale.m in Sources */,
				843A91701CB4FC4800E1B8E1 /* FSBMySecondMoreViewCollectionCell.m in Sources */,
				C8CDEAB51CB2534700519D4C /* ImageCategoryViewController.m in Sources */,
				84D4F0F61CA38D71005D5757 /* GTDBManager.m in Sources */,
				C8CDEABA1CB263FE00519D4C /* GTCollectionAddViewCell.m in Sources */,
				C8673F6C1CB55FEC00ED34D3 /* MyLinearLayout.m in Sources */,
				843A916B1CB4F13A00E1B8E1 /* FSBMySecondMoreViewCell.m in Sources */,
				846860F51CB39CB700B75E1B /* FSBMySecondHouseMoreView.m in Sources */,
				C8673F651CB55FEC00ED34D3 /* MyFloatLayout.m in Sources */,
				841F88141CA4E06C00642797 /* Customers.m in Sources */,
				8486162B1CAA22F8003F2C78 /* AppDelegate.m in Sources */,
				848616491CAA5DB0003F2C78 /* UIColor+Utility.m in Sources */,
				C8673F681CB55FEC00ED34D3 /* MyLayoutDime.m in Sources */,
				848616391CAA5640003F2C78 /* ImageShowViewController.m in Sources */,
				841F881A1CA4EB0C00642797 /* BaseModel.m in Sources */,
				8486162C1CAA22F8003F2C78 /* ViewController.m in Sources */,
				843148EA1CA917C500606FC1 /* GTTableViewController.m in Sources */,
				8461CC5E1CA2A78000594CC1 /* main.m in Sources */,
				C8673F6E1CB55FEC00ED34D3 /* MyRelativeLayout.m in Sources */,
				843148EE1CA919A100606FC1 /* GTTableViewCell.m in Sources */,
				846860FA1CB3A3DE00B75E1B /* FMUMath.m in Sources */,
				8490BB6D1CB681AB00039C51 /* CALayer+UIColor.m in Sources */,
				C8673F6D1CB55FEC00ED34D3 /* MyMaker.m in Sources */,
				84898BF61CA3B8C8006DCBF0 /* Customer.m in Sources */,
				848616431CAA587E003F2C78 /* UILabel+Utility.m in Sources */,
				C8673F661CB55FEC00ED34D3 /* MyFlowLayout.m in Sources */,
				C8673F691CB55FEC00ED34D3 /* MyLayoutMeasure.m in Sources */,
				845FC0611CACC45000BF9BC5 /* FSBMySecondHouseToolbarContentView.m in Sources */,
				C80BBFE51CB147A900F0EF0A /* GTCollectionViewCell.m in Sources */,
				C8673F671CB55FEC00ED34D3 /* MyFrameLayout.m in Sources */,
				840D91EA1CB7BE0B00385CEB /* FSBSecondHouseMoreModel.m in Sources */,
				8486162D1CAA22F8003F2C78 /* GTStorageManager.m in Sources */,
				C8673F6F1CB55FEC00ED34D3 /* MyTableLayout.m in Sources */,
				C8673F6B1CB55FEC00ED34D3 /* MyLayoutSizeClass.m in Sources */,
				845FC0601CACC45000BF9BC5 /* FSBMySecondHouseToolbar.m in Sources */,
				841F88171CA4E1D500642797 /* BaseDBModel.m in Sources */,
				C8673F6A1CB55FEC00ED34D3 /* MyLayoutPos.m in Sources */,
				C8673F631CB55FEC00ED34D3 /* MyBaseLayout.m in Sources */,
				C8673F741CB5614400ED34D3 /* FSBMySecondHouseMoreLayout.m in Sources */,
				C80BBFEA1CB1B46100F0EF0A /* GTCollectionViewHeader.m in Sources */,
				8486164D1CAA854F003F2C78 /* ImageEditorViewController.m in Sources */,
			);
			runOnlyForDeploymentPostprocessing = 0;
		};
/* End PBXSourcesBuildPhase section */

/* Begin PBXVariantGroup section */
		8461CC651CA2A78000594CC1 /* Main.storyboard */ = {
			isa = PBXVariantGroup;
			children = (
				8461CC661CA2A78000594CC1 /* Base */,
			);
			name = Main.storyboard;
			sourceTree = "<group>";
		};
/* End PBXVariantGroup section */

/* Begin XCBuildConfiguration section */
		8461CC6E1CA2A78100594CC1 /* Debug */ = {
			isa = XCBuildConfiguration;
			buildSettings = {
				ALWAYS_SEARCH_USER_PATHS = NO;
				CLANG_ANALYZER_NONNULL = YES;
				CLANG_CXX_LANGUAGE_STANDARD = "gnu++0x";
				CLANG_CXX_LIBRARY = "libc++";
				CLANG_ENABLE_MODULES = YES;
				CLANG_ENABLE_OBJC_ARC = YES;
				CLANG_WARN_BOOL_CONVERSION = YES;
				CLANG_WARN_CONSTANT_CONVERSION = YES;
				CLANG_WARN_DIRECT_OBJC_ISA_USAGE = YES_ERROR;
				CLANG_WARN_EMPTY_BODY = YES;
				CLANG_WARN_ENUM_CONVERSION = YES;
				CLANG_WARN_INT_CONVERSION = YES;
				CLANG_WARN_OBJC_ROOT_CLASS = YES_ERROR;
				CLANG_WARN_UNREACHABLE_CODE = YES;
				CLANG_WARN__DUPLICATE_METHOD_MATCH = YES;
				"CODE_SIGN_IDENTITY[sdk=iphoneos*]" = "iPhone Developer";
				COPY_PHASE_STRIP = NO;
				DEBUG_INFORMATION_FORMAT = dwarf;
				ENABLE_STRICT_OBJC_MSGSEND = YES;
				ENABLE_TESTABILITY = YES;
				GCC_C_LANGUAGE_STANDARD = gnu99;
				GCC_DYNAMIC_NO_PIC = NO;
				GCC_NO_COMMON_BLOCKS = YES;
				GCC_OPTIMIZATION_LEVEL = 0;
				GCC_PREPROCESSOR_DEFINITIONS = (
					"DEBUG=1",
					"$(inherited)",
				);
				GCC_WARN_64_TO_32_BIT_CONVERSION = YES;
				GCC_WARN_ABOUT_RETURN_TYPE = YES_ERROR;
				GCC_WARN_UNDECLARED_SELECTOR = YES;
				GCC_WARN_UNINITIALIZED_AUTOS = YES_AGGRESSIVE;
				GCC_WARN_UNUSED_FUNCTION = YES;
				GCC_WARN_UNUSED_VARIABLE = YES;
				IPHONEOS_DEPLOYMENT_TARGET = 9.3;
				MTL_ENABLE_DEBUG_INFO = YES;
				ONLY_ACTIVE_ARCH = YES;
				SDKROOT = iphoneos;
				TARGETED_DEVICE_FAMILY = "1,2";
			};
			name = Debug;
		};
		8461CC6F1CA2A78100594CC1 /* Release */ = {
			isa = XCBuildConfiguration;
			buildSettings = {
				ALWAYS_SEARCH_USER_PATHS = NO;
				CLANG_ANALYZER_NONNULL = YES;
				CLANG_CXX_LANGUAGE_STANDARD = "gnu++0x";
				CLANG_CXX_LIBRARY = "libc++";
				CLANG_ENABLE_MODULES = YES;
				CLANG_ENABLE_OBJC_ARC = YES;
				CLANG_WARN_BOOL_CONVERSION = YES;
				CLANG_WARN_CONSTANT_CONVERSION = YES;
				CLANG_WARN_DIRECT_OBJC_ISA_USAGE = YES_ERROR;
				CLANG_WARN_EMPTY_BODY = YES;
				CLANG_WARN_ENUM_CONVERSION = YES;
				CLANG_WARN_INT_CONVERSION = YES;
				CLANG_WARN_OBJC_ROOT_CLASS = YES_ERROR;
				CLANG_WARN_UNREACHABLE_CODE = YES;
				CLANG_WARN__DUPLICATE_METHOD_MATCH = YES;
				"CODE_SIGN_IDENTITY[sdk=iphoneos*]" = "iPhone Developer";
				COPY_PHASE_STRIP = NO;
				DEBUG_INFORMATION_FORMAT = "dwarf-with-dsym";
				ENABLE_NS_ASSERTIONS = NO;
				ENABLE_STRICT_OBJC_MSGSEND = YES;
				GCC_C_LANGUAGE_STANDARD = gnu99;
				GCC_NO_COMMON_BLOCKS = YES;
				GCC_WARN_64_TO_32_BIT_CONVERSION = YES;
				GCC_WARN_ABOUT_RETURN_TYPE = YES_ERROR;
				GCC_WARN_UNDECLARED_SELECTOR = YES;
				GCC_WARN_UNINITIALIZED_AUTOS = YES_AGGRESSIVE;
				GCC_WARN_UNUSED_FUNCTION = YES;
				GCC_WARN_UNUSED_VARIABLE = YES;
				IPHONEOS_DEPLOYMENT_TARGET = 9.3;
				MTL_ENABLE_DEBUG_INFO = NO;
				SDKROOT = iphoneos;
				TARGETED_DEVICE_FAMILY = "1,2";
				VALIDATE_PRODUCT = YES;
			};
			name = Release;
		};
		8461CC711CA2A78100594CC1 /* Debug */ = {
			isa = XCBuildConfiguration;
			baseConfigurationReference = C916FA054FB787C8763E2B23 /* Pods.debug.xcconfig */;
			buildSettings = {
				ASSETCATALOG_COMPILER_APPICON_NAME = AppIcon;
				CODE_SIGN_IDENTITY = "iPhone Developer";
				"CODE_SIGN_IDENTITY[sdk=iphoneos*]" = "iPhone Developer";
				GCC_PREFIX_HEADER = testIOSLib/PrefixHeader.pch;
				INFOPLIST_FILE = testIOSLib/Info.plist;
				IPHONEOS_DEPLOYMENT_TARGET = 6.0;
				LD_RUNPATH_SEARCH_PATHS = "$(inherited) @executable_path/Frameworks";
				PRODUCT_BUNDLE_IDENTIFIER = com.testIOSLib;
				PRODUCT_NAME = "$(TARGET_NAME)";
				PROVISIONING_PROFILE = "";
				TARGETED_DEVICE_FAMILY = 1;
			};
			name = Debug;
		};
		8461CC721CA2A78100594CC1 /* Release */ = {
			isa = XCBuildConfiguration;
			baseConfigurationReference = 19FFD86A5FBE9F74F87A3D6C /* Pods.release.xcconfig */;
			buildSettings = {
				ASSETCATALOG_COMPILER_APPICON_NAME = AppIcon;
				CODE_SIGN_IDENTITY = "iPhone Developer";
				"CODE_SIGN_IDENTITY[sdk=iphoneos*]" = "iPhone Developer";
				GCC_PREFIX_HEADER = testIOSLib/PrefixHeader.pch;
				INFOPLIST_FILE = testIOSLib/Info.plist;
				IPHONEOS_DEPLOYMENT_TARGET = 6.0;
				LD_RUNPATH_SEARCH_PATHS = "$(inherited) @executable_path/Frameworks";
				PRODUCT_BUNDLE_IDENTIFIER = com.testIOSLib;
				PRODUCT_NAME = "$(TARGET_NAME)";
				PROVISIONING_PROFILE = "";
				TARGETED_DEVICE_FAMILY = 1;
			};
			name = Release;
		};
/* End XCBuildConfiguration section */

/* Begin XCConfigurationList section */
		8461CC541CA2A78000594CC1 /* Build configuration list for PBXProject "testIOSLib" */ = {
			isa = XCConfigurationList;
			buildConfigurations = (
				8461CC6E1CA2A78100594CC1 /* Debug */,
				8461CC6F1CA2A78100594CC1 /* Release */,
			);
			defaultConfigurationIsVisible = 0;
			defaultConfigurationName = Release;
		};
		8461CC701CA2A78100594CC1 /* Build configuration list for PBXNativeTarget "testIOSLib" */ = {
			isa = XCConfigurationList;
			buildConfigurations = (
				8461CC711CA2A78100594CC1 /* Debug */,
				8461CC721CA2A78100594CC1 /* Release */,
			);
			defaultConfigurationIsVisible = 0;
			defaultConfigurationName = Release;
		};
/* End XCConfigurationList section */
	};
	rootObject = 8461CC511CA2A78000594CC1 /* Project object */;
}
